<?xml version="1.0" encoding="utf-8"?>
<Project ToolsVersion="4.0" xmlns="http://schemas.microsoft.com/developer/msbuild/2003">
  <ItemGroup>
    <Filter Include="Source Files">
      <UniqueIdentifier>{4FC737F1-C7A5-4376-A066-2A32D752A2FF}</UniqueIdentifier>
      <Extensions>cpp;c;cc;cxx;def;odl;idl;hpj;bat;asm;asmx</Extensions>
    </Filter>
    <Filter Include="Header Files">
      <UniqueIdentifier>{93995380-89BD-4b04-88EB-625FBE52EBFB}</UniqueIdentifier>
      <Extensions>h;hh;hpp;hxx;hm;inl;inc;ipp;xsd</Extensions>
    </Filter>
    <Filter Include="Resource Files">
      <UniqueIdentifier>{67DA6AB6-F800-4c08-8B7A-83BB121AAD01}</UniqueIdentifier>
      <Extensions>rc;ico;cur;bmp;dlg;rc2;rct;bin;rgs;gif;jpg;jpeg;jpe;resx;tiff;tif;png;wav;mfcribbon-ms</Extensions>
    </Filter>
  </ItemGroup>
  <ItemGroup>
    <ClInclude Include="json\allocator.h">
      <Filter>Header Files</Filter>
    </ClInclude>
    <ClInclude Include="json\assertions.h">
      <Filter>Header Files</Filter>
    </ClInclude>
    <ClInclude Include="json\autolink.h">
      <Filter>Header Files</Filter>
    </ClInclude>
    <ClInclude Include="json\config.h">
      <Filter>Header Files</Filter>
    </ClInclude>
    <ClInclude Include="json\forwards.h">
      <Filter>Header Files</Filter>
    </ClInclude>
    <ClInclude Include="json\json_features.h">
      <Filter>Header Files</Filter>
    </ClInclude>
    <ClInclude Include="json\reader.h">
      <Filter>Header Files</Filter>
    </ClInclude>
    <ClInclude Include="json\value.h">
      <Filter>Header Files</Filter>
    </ClInclude>
    <ClInclude Include="json\version.h">
      <Filter>Header Files</Filter>
    </ClInclude>
    <ClInclude Include="json\writer.h">
      <Filter>Header Files</Filter>
    </ClInclude>
    <ClInclude Include="json_tool.h">
      <Filter>Header Files</Filter>
    </ClInclude>
    <ClInclude Include="json\json.h">
      <Filter>Header Files</Filter>
    </ClInclude>
  </ItemGroup>
  <ItemGroup>
    <ClCompile Include="json_reader.cpp">
      <Filter>Source Files</Filter>
    </ClCompile>
    <ClCompile Include="json_value.cpp">
      <Filter>Source Files</Filter>
    </ClCompile>
    <ClCompile Include="json_writer.cpp">
      <Filter>Source Files</Filter>
    </ClCompile>
  </ItemGroup>
  <ItemGroup>
    <None Include="json_valueiterator.inl">
      <Filter>Header Files</Filter>
    </None>
  </ItemGroup>
</Project>