Microsoft Visual Studio Solution File, Format Version 12.00
# Visual Studio 2013
Project("{8BC9CEB8-8B4A-11D0-8D11-00A0C91BC942}") = "ALL_BUILD", "ALL_BUILD.vcxproj", "{34366F99-11FB-4961-B3E4-F07131E19940}"
	ProjectSection(ProjectDependencies) = postProject
		{FAF9CC0C-E861-4FD0-9384-F92DCDD96820} = {FAF9CC0C-E861-4FD0-9384-F92DCDD96820}
		{8DBC3385-452E-4D75-A710-EECA192C6427} = {8DBC3385-452E-4D75-A710-EECA192C6427}
		{EF03D0ED-B28B-4B7A-86CD-0BC0055FA5E7} = {EF03D0ED-B28B-4B7A-86CD-0BC0055FA5E7}
		{BA381C2E-F534-42F2-85A3-20F461023AC7} = {BA381C2E-F534-42F2-85A3-20F461023AC7}
		{FA5B3686-8F9C-44D6-B871-2D4389D9D7B0} = {FA5B3686-8F9C-44D6-B871-2D4389D9D7B0}
		{5B834489-42A6-40FD-B3DF-F1A10BE1B2C4} = {5B834489-42A6-40FD-B3DF-F1A10BE1B2C4}
		{1A23148E-3332-4BFF-91AA-CD0E5FF80739} = {1A23148E-3332-4BFF-91AA-CD0E5FF80739}
		{A8BBB088-2B91-4731-822A-74105A374E46} = {A8BBB088-2B91-4731-822A-74105A374E46}
		{D8D967FC-B26C-4CDC-A471-1A0CB880006C} = {D8D967FC-B26C-4CDC-A471-1A0CB880006C}
		{A3C8A5F7-2FCF-4DEA-B5E1-2B88F0F81679} = {A3C8A5F7-2FCF-4DEA-B5E1-2B88F0F81679}
		{D5199554-D193-4C99-8F95-59AF03DF6CC2} = {D5199554-D193-4C99-8F95-59AF03DF6CC2}
		{4CD77F87-06C5-4A0E-A94D-F79D15EE5067} = {4CD77F87-06C5-4A0E-A94D-F79D15EE5067}
		{1F20E70D-9D3D-4C16-BAFA-B78FDB106CAB} = {1F20E70D-9D3D-4C16-BAFA-B78FDB106CAB}
		{41C2A04D-BCBF-40C1-B637-C8AB61965ED3} = {41C2A04D-BCBF-40C1-B637-C8AB61965ED3}
		{6B964E21-C962-4DC8-B008-152AB832940F} = {6B964E21-C962-4DC8-B008-152AB832940F}
		{55E1FE2D-B371-4967-8168-8B8EF763B7A8} = {55E1FE2D-B371-4967-8168-8B8EF763B7A8}
		{D5949EA9-4B53-473D-942E-A4CE414B08B8} = {D5949EA9-4B53-473D-942E-A4CE414B08B8}
	EndProjectSection
EndProject
Project("{8BC9CEB8-8B4A-11D0-8D11-00A0C91BC942}") = "INSTALL", "INSTALL.vcxproj", "{09C5FEC9-A857-43A7-9574-0F88498F98A6}"
	ProjectSection(ProjectDependencies) = postProject
		{34366F99-11FB-4961-B3E4-F07131E19940} = {34366F99-11FB-4961-B3E4-F07131E19940}
	EndProjectSection
EndProject
Project("{8BC9CEB8-8B4A-11D0-8D11-00A0C91BC942}") = "ZERO_CHECK", "ZERO_CHECK.vcxproj", "{FAF9CC0C-E861-4FD0-9384-F92DCDD96820}"
	ProjectSection(ProjectDependencies) = postProject
	EndProjectSection
EndProject
Project("{8BC9CEB8-8B4A-11D0-8D11-00A0C91BC942}") = "capstone-shared", "capstone-shared.vcxproj", "{8DBC3385-452E-4D75-A710-EECA192C6427}"
	ProjectSection(ProjectDependencies) = postProject
		{FAF9CC0C-E861-4FD0-9384-F92DCDD96820} = {FAF9CC0C-E861-4FD0-9384-F92DCDD96820}
	EndProjectSection
EndProject
Project("{8BC9CEB8-8B4A-11D0-8D11-00A0C91BC942}") = "capstone-static", "capstone-static.vcxproj", "{EF03D0ED-B28B-4B7A-86CD-0BC0055FA5E7}"
	ProjectSection(ProjectDependencies) = postProject
		{FAF9CC0C-E861-4FD0-9384-F92DCDD96820} = {FAF9CC0C-E861-4FD0-9384-F92DCDD96820}
	EndProjectSection
EndProject
Project("{8BC9CEB8-8B4A-11D0-8D11-00A0C91BC942}") = "cstool", "cstool.vcxproj", "{BA381C2E-F534-42F2-85A3-20F461023AC7}"
	ProjectSection(ProjectDependencies) = postProject
		{FAF9CC0C-E861-4FD0-9384-F92DCDD96820} = {FAF9CC0C-E861-4FD0-9384-F92DCDD96820}
		{EF03D0ED-B28B-4B7A-86CD-0BC0055FA5E7} = {EF03D0ED-B28B-4B7A-86CD-0BC0055FA5E7}
	EndProjectSection
EndProject
Project("{8BC9CEB8-8B4A-11D0-8D11-00A0C91BC942}") = "test_arm", "test_arm.vcxproj", "{FA5B3686-8F9C-44D6-B871-2D4389D9D7B0}"
	ProjectSection(ProjectDependencies) = postProject
		{FAF9CC0C-E861-4FD0-9384-F92DCDD96820} = {FAF9CC0C-E861-4FD0-9384-F92DCDD96820}
		{EF03D0ED-B28B-4B7A-86CD-0BC0055FA5E7} = {EF03D0ED-B28B-4B7A-86CD-0BC0055FA5E7}
	EndProjectSection
EndProject
Project("{8BC9CEB8-8B4A-11D0-8D11-00A0C91BC942}") = "test_arm64", "test_arm64.vcxproj", "{5B834489-42A6-40FD-B3DF-F1A10BE1B2C4}"
	ProjectSection(ProjectDependencies) = postProject
		{FAF9CC0C-E861-4FD0-9384-F92DCDD96820} = {FAF9CC0C-E861-4FD0-9384-F92DCDD96820}
		{EF03D0ED-B28B-4B7A-86CD-0BC0055FA5E7} = {EF03D0ED-B28B-4B7A-86CD-0BC0055FA5E7}
	EndProjectSection
EndProject
Project("{8BC9CEB8-8B4A-11D0-8D11-00A0C91BC942}") = "test_arm_regression", "test_arm_regression.vcxproj", "{1A23148E-3332-4BFF-91AA-CD0E5FF80739}"
	ProjectSection(ProjectDependencies) = postProject
		{FAF9CC0C-E861-4FD0-9384-F92DCDD96820} = {FAF9CC0C-E861-4FD0-9384-F92DCDD96820}
		{EF03D0ED-B28B-4B7A-86CD-0BC0055FA5E7} = {EF03D0ED-B28B-4B7A-86CD-0BC0055FA5E7}
	EndProjectSection
EndProject
Project("{8BC9CEB8-8B4A-11D0-8D11-00A0C91BC942}") = "test_basic", "test_basic.vcxproj", "{A8BBB088-2B91-4731-822A-74105A374E46}"
	ProjectSection(ProjectDependencies) = postProject
		{FAF9CC0C-E861-4FD0-9384-F92DCDD96820} = {FAF9CC0C-E861-4FD0-9384-F92DCDD96820}
		{EF03D0ED-B28B-4B7A-86CD-0BC0055FA5E7} = {EF03D0ED-B28B-4B7A-86CD-0BC0055FA5E7}
	EndProjectSection
EndProject
Project("{8BC9CEB8-8B4A-11D0-8D11-00A0C91BC942}") = "test_detail", "test_detail.vcxproj", "{D8D967FC-B26C-4CDC-A471-1A0CB880006C}"
	ProjectSection(ProjectDependencies) = postProject
		{FAF9CC0C-E861-4FD0-9384-F92DCDD96820} = {FAF9CC0C-E861-4FD0-9384-F92DCDD96820}
		{EF03D0ED-B28B-4B7A-86CD-0BC0055FA5E7} = {EF03D0ED-B28B-4B7A-86CD-0BC0055FA5E7}
	EndProjectSection
EndProject
Project("{8BC9CEB8-8B4A-11D0-8D11-00A0C91BC942}") = "test_iter", "test_iter.vcxproj", "{A3C8A5F7-2FCF-4DEA-B5E1-2B88F0F81679}"
	ProjectSection(ProjectDependencies) = postProject
		{FAF9CC0C-E861-4FD0-9384-F92DCDD96820} = {FAF9CC0C-E861-4FD0-9384-F92DCDD96820}
		{EF03D0ED-B28B-4B7A-86CD-0BC0055FA5E7} = {EF03D0ED-B28B-4B7A-86CD-0BC0055FA5E7}
	EndProjectSection
EndProject
Project("{8BC9CEB8-8B4A-11D0-8D11-00A0C91BC942}") = "test_mips", "test_mips.vcxproj", "{D5199554-D193-4C99-8F95-59AF03DF6CC2}"
	ProjectSection(ProjectDependencies) = postProject
		{FAF9CC0C-E861-4FD0-9384-F92DCDD96820} = {FAF9CC0C-E861-4FD0-9384-F92DCDD96820}
		{EF03D0ED-B28B-4B7A-86CD-0BC0055FA5E7} = {EF03D0ED-B28B-4B7A-86CD-0BC0055FA5E7}
	EndProjectSection
EndProject
Project("{8BC9CEB8-8B4A-11D0-8D11-00A0C91BC942}") = "test_ppc", "test_ppc.vcxproj", "{4CD77F87-06C5-4A0E-A94D-F79D15EE5067}"
	ProjectSection(ProjectDependencies) = postProject
		{FAF9CC0C-E861-4FD0-9384-F92DCDD96820} = {FAF9CC0C-E861-4FD0-9384-F92DCDD96820}
		{EF03D0ED-B28B-4B7A-86CD-0BC0055FA5E7} = {EF03D0ED-B28B-4B7A-86CD-0BC0055FA5E7}
	EndProjectSection
EndProject
Project("{8BC9CEB8-8B4A-11D0-8D11-00A0C91BC942}") = "test_skipdata", "test_skipdata.vcxproj", "{1F20E70D-9D3D-4C16-BAFA-B78FDB106CAB}"
	ProjectSection(ProjectDependencies) = postProject
		{FAF9CC0C-E861-4FD0-9384-F92DCDD96820} = {FAF9CC0C-E861-4FD0-9384-F92DCDD96820}
		{EF03D0ED-B28B-4B7A-86CD-0BC0055FA5E7} = {EF03D0ED-B28B-4B7A-86CD-0BC0055FA5E7}
	EndProjectSection
EndProject
Project("{8BC9CEB8-8B4A-11D0-8D11-00A0C91BC942}") = "test_sparc", "test_sparc.vcxproj", "{41C2A04D-BCBF-40C1-B637-C8AB61965ED3}"
	ProjectSection(ProjectDependencies) = postProject
		{FAF9CC0C-E861-4FD0-9384-F92DCDD96820} = {FAF9CC0C-E861-4FD0-9384-F92DCDD96820}
		{EF03D0ED-B28B-4B7A-86CD-0BC0055FA5E7} = {EF03D0ED-B28B-4B7A-86CD-0BC0055FA5E7}
	EndProjectSection
EndProject
Project("{8BC9CEB8-8B4A-11D0-8D11-00A0C91BC942}") = "test_systemz", "test_systemz.vcxproj", "{6B964E21-C962-4DC8-B008-152AB832940F}"
	ProjectSection(ProjectDependencies) = postProject
		{FAF9CC0C-E861-4FD0-9384-F92DCDD96820} = {FAF9CC0C-E861-4FD0-9384-F92DCDD96820}
		{EF03D0ED-B28B-4B7A-86CD-0BC0055FA5E7} = {EF03D0ED-B28B-4B7A-86CD-0BC0055FA5E7}
	EndProjectSection
EndProject
Project("{8BC9CEB8-8B4A-11D0-8D11-00A0C91BC942}") = "test_x86", "test_x86.vcxproj", "{55E1FE2D-B371-4967-8168-8B8EF763B7A8}"
	ProjectSection(ProjectDependencies) = postProject
		{FAF9CC0C-E861-4FD0-9384-F92DCDD96820} = {FAF9CC0C-E861-4FD0-9384-F92DCDD96820}
		{EF03D0ED-B28B-4B7A-86CD-0BC0055FA5E7} = {EF03D0ED-B28B-4B7A-86CD-0BC0055FA5E7}
	EndProjectSection
EndProject
Project("{8BC9CEB8-8B4A-11D0-8D11-00A0C91BC942}") = "test_xcore", "test_xcore.vcxproj", "{D5949EA9-4B53-473D-942E-A4CE414B08B8}"
	ProjectSection(ProjectDependencies) = postProject
		{FAF9CC0C-E861-4FD0-9384-F92DCDD96820} = {FAF9CC0C-E861-4FD0-9384-F92DCDD96820}
		{EF03D0ED-B28B-4B7A-86CD-0BC0055FA5E7} = {EF03D0ED-B28B-4B7A-86CD-0BC0055FA5E7}
	EndProjectSection
EndProject
Global
	GlobalSection(SolutionConfigurationPlatforms) = preSolution
		Debug|Win32 = Debug|Win32
		Release|Win32 = Release|Win32
		MinSizeRel|Win32 = MinSizeRel|Win32
		RelWithDebInfo|Win32 = RelWithDebInfo|Win32
	EndGlobalSection
	GlobalSection(ProjectConfigurationPlatforms) = postSolution
		{34366F99-11FB-4961-B3E4-F07131E19940}.Debug|Win32.ActiveCfg = Debug|Win32
		{34366F99-11FB-4961-B3E4-F07131E19940}.Debug|Win32.Build.0 = Debug|Win32
		{34366F99-11FB-4961-B3E4-F07131E19940}.Release|Win32.ActiveCfg = Release|Win32
		{34366F99-11FB-4961-B3E4-F07131E19940}.Release|Win32.Build.0 = Release|Win32
		{34366F99-11FB-4961-B3E4-F07131E19940}.MinSizeRel|Win32.ActiveCfg = MinSizeRel|Win32
		{34366F99-11FB-4961-B3E4-F07131E19940}.MinSizeRel|Win32.Build.0 = MinSizeRel|Win32
		{34366F99-11FB-4961-B3E4-F07131E19940}.RelWithDebInfo|Win32.ActiveCfg = RelWithDebInfo|Win32
		{34366F99-11FB-4961-B3E4-F07131E19940}.RelWithDebInfo|Win32.Build.0 = RelWithDebInfo|Win32
		{09C5FEC9-A857-43A7-9574-0F88498F98A6}.Debug|Win32.ActiveCfg = Debug|Win32
		{09C5FEC9-A857-43A7-9574-0F88498F98A6}.Release|Win32.ActiveCfg = Release|Win32
		{09C5FEC9-A857-43A7-9574-0F88498F98A6}.MinSizeRel|Win32.ActiveCfg = MinSizeRel|Win32
		{09C5FEC9-A857-43A7-9574-0F88498F98A6}.RelWithDebInfo|Win32.ActiveCfg = RelWithDebInfo|Win32
		{FAF9CC0C-E861-4FD0-9384-F92DCDD96820}.Debug|Win32.ActiveCfg = Debug|Win32
		{FAF9CC0C-E861-4FD0-9384-F92DCDD96820}.Debug|Win32.Build.0 = Debug|Win32
		{FAF9CC0C-E861-4FD0-9384-F92DCDD96820}.Release|Win32.ActiveCfg = Release|Win32
		{FAF9CC0C-E861-4FD0-9384-F92DCDD96820}.Release|Win32.Build.0 = Release|Win32
		{FAF9CC0C-E861-4FD0-9384-F92DCDD96820}.MinSizeRel|Win32.ActiveCfg = MinSizeRel|Win32
		{FAF9CC0C-E861-4FD0-9384-F92DCDD96820}.MinSizeRel|Win32.Build.0 = MinSizeRel|Win32
		{FAF9CC0C-E861-4FD0-9384-F92DCDD96820}.RelWithDebInfo|Win32.ActiveCfg = RelWithDebInfo|Win32
		{FAF9CC0C-E861-4FD0-9384-F92DCDD96820}.RelWithDebInfo|Win32.Build.0 = RelWithDebInfo|Win32
		{8DBC3385-452E-4D75-A710-EECA192C6427}.Debug|Win32.ActiveCfg = Debug|Win32
		{8DBC3385-452E-4D75-A710-EECA192C6427}.Debug|Win32.Build.0 = Debug|Win32
		{8DBC3385-452E-4D75-A710-EECA192C6427}.Release|Win32.ActiveCfg = Release|Win32
		{8DBC3385-452E-4D75-A710-EECA192C6427}.Release|Win32.Build.0 = Release|Win32
		{8DBC3385-452E-4D75-A710-EECA192C6427}.MinSizeRel|Win32.ActiveCfg = MinSizeRel|Win32
		{8DBC3385-452E-4D75-A710-EECA192C6427}.MinSizeRel|Win32.Build.0 = MinSizeRel|Win32
		{8DBC3385-452E-4D75-A710-EECA192C6427}.RelWithDebInfo|Win32.ActiveCfg = RelWithDebInfo|Win32
		{8DBC3385-452E-4D75-A710-EECA192C6427}.RelWithDebInfo|Win32.Build.0 = RelWithDebInfo|Win32
		{EF03D0ED-B28B-4B7A-86CD-0BC0055FA5E7}.Debug|Win32.ActiveCfg = Debug|Win32
		{EF03D0ED-B28B-4B7A-86CD-0BC0055FA5E7}.Debug|Win32.Build.0 = Debug|Win32
		{EF03D0ED-B28B-4B7A-86CD-0BC0055FA5E7}.Release|Win32.ActiveCfg = Release|Win32
		{EF03D0ED-B28B-4B7A-86CD-0BC0055FA5E7}.Release|Win32.Build.0 = Release|Win32
		{EF03D0ED-B28B-4B7A-86CD-0BC0055FA5E7}.MinSizeRel|Win32.ActiveCfg = MinSizeRel|Win32
		{EF03D0ED-B28B-4B7A-86CD-0BC0055FA5E7}.MinSizeRel|Win32.Build.0 = MinSizeRel|Win32
		{EF03D0ED-B28B-4B7A-86CD-0BC0055FA5E7}.RelWithDebInfo|Win32.ActiveCfg = RelWithDebInfo|Win32
		{EF03D0ED-B28B-4B7A-86CD-0BC0055FA5E7}.RelWithDebInfo|Win32.Build.0 = RelWithDebInfo|Win32
		{BA381C2E-F534-42F2-85A3-20F461023AC7}.Debug|Win32.ActiveCfg = Debug|Win32
		{BA381C2E-F534-42F2-85A3-20F461023AC7}.Debug|Win32.Build.0 = Debug|Win32
		{BA381C2E-F534-42F2-85A3-20F461023AC7}.Release|Win32.ActiveCfg = Release|Win32
		{BA381C2E-F534-42F2-85A3-20F461023AC7}.Release|Win32.Build.0 = Release|Win32
		{BA381C2E-F534-42F2-85A3-20F461023AC7}.MinSizeRel|Win32.ActiveCfg = MinSizeRel|Win32
		{BA381C2E-F534-42F2-85A3-20F461023AC7}.MinSizeRel|Win32.Build.0 = MinSizeRel|Win32
		{BA381C2E-F534-42F2-85A3-20F461023AC7}.RelWithDebInfo|Win32.ActiveCfg = RelWithDebInfo|Win32
		{BA381C2E-F534-42F2-85A3-20F461023AC7}.RelWithDebInfo|Win32.Build.0 = RelWithDebInfo|Win32
		{FA5B3686-8F9C-44D6-B871-2D4389D9D7B0}.Debug|Win32.ActiveCfg = Debug|Win32
		{FA5B3686-8F9C-44D6-B871-2D4389D9D7B0}.Debug|Win32.Build.0 = Debug|Win32
		{FA5B3686-8F9C-44D6-B871-2D4389D9D7B0}.Release|Win32.ActiveCfg = Release|Win32
		{FA5B3686-8F9C-44D6-B871-2D4389D9D7B0}.Release|Win32.Build.0 = Release|Win32
		{FA5B3686-8F9C-44D6-B871-2D4389D9D7B0}.MinSizeRel|Win32.ActiveCfg = MinSizeRel|Win32
		{FA5B3686-8F9C-44D6-B871-2D4389D9D7B0}.MinSizeRel|Win32.Build.0 = MinSizeRel|Win32
		{FA5B3686-8F9C-44D6-B871-2D4389D9D7B0}.RelWithDebInfo|Win32.ActiveCfg = RelWithDebInfo|Win32
		{FA5B3686-8F9C-44D6-B871-2D4389D9D7B0}.RelWithDebInfo|Win32.Build.0 = RelWithDebInfo|Win32
		{5B834489-42A6-40FD-B3DF-F1A10BE1B2C4}.Debug|Win32.ActiveCfg = Debug|Win32
		{5B834489-42A6-40FD-B3DF-F1A10BE1B2C4}.Debug|Win32.Build.0 = Debug|Win32
		{5B834489-42A6-40FD-B3DF-F1A10BE1B2C4}.Release|Win32.ActiveCfg = Release|Win32
		{5B834489-42A6-40FD-B3DF-F1A10BE1B2C4}.Release|Win32.Build.0 = Release|Win32
		{5B834489-42A6-40FD-B3DF-F1A10BE1B2C4}.MinSizeRel|Win32.ActiveCfg = MinSizeRel|Win32
		{5B834489-42A6-40FD-B3DF-F1A10BE1B2C4}.MinSizeRel|Win32.Build.0 = MinSizeRel|Win32
		{5B834489-42A6-40FD-B3DF-F1A10BE1B2C4}.RelWithDebInfo|Win32.ActiveCfg = RelWithDebInfo|Win32
		{5B834489-42A6-40FD-B3DF-F1A10BE1B2C4}.RelWithDebInfo|Win32.Build.0 = RelWithDebInfo|Win32
		{1A23148E-3332-4BFF-91AA-CD0E5FF80739}.Debug|Win32.ActiveCfg = Debug|Win32
		{1A23148E-3332-4BFF-91AA-CD0E5FF80739}.Debug|Win32.Build.0 = Debug|Win32
		{1A23148E-3332-4BFF-91AA-CD0E5FF80739}.Release|Win32.ActiveCfg = Release|Win32
		{1A23148E-3332-4BFF-91AA-CD0E5FF80739}.Release|Win32.Build.0 = Release|Win32
		{1A23148E-3332-4BFF-91AA-CD0E5FF80739}.MinSizeRel|Win32.ActiveCfg = MinSizeRel|Win32
		{1A23148E-3332-4BFF-91AA-CD0E5FF80739}.MinSizeRel|Win32.Build.0 = MinSizeRel|Win32
		{1A23148E-3332-4BFF-91AA-CD0E5FF80739}.RelWithDebInfo|Win32.ActiveCfg = RelWithDebInfo|Win32
		{1A23148E-3332-4BFF-91AA-CD0E5FF80739}.RelWithDebInfo|Win32.Build.0 = RelWithDebInfo|Win32
		{A8BBB088-2B91-4731-822A-74105A374E46}.Debug|Win32.ActiveCfg = Debug|Win32
		{A8BBB088-2B91-4731-822A-74105A374E46}.Debug|Win32.Build.0 = Debug|Win32
		{A8BBB088-2B91-4731-822A-74105A374E46}.Release|Win32.ActiveCfg = Release|Win32
		{A8BBB088-2B91-4731-822A-74105A374E46}.Release|Win32.Build.0 = Release|Win32
		{A8BBB088-2B91-4731-822A-74105A374E46}.MinSizeRel|Win32.ActiveCfg = MinSizeRel|Win32
		{A8BBB088-2B91-4731-822A-74105A374E46}.MinSizeRel|Win32.Build.0 = MinSizeRel|Win32
		{A8BBB088-2B91-4731-822A-74105A374E46}.RelWithDebInfo|Win32.ActiveCfg = RelWithDebInfo|Win32
		{A8BBB088-2B91-4731-822A-74105A374E46}.RelWithDebInfo|Win32.Build.0 = RelWithDebInfo|Win32
		{D8D967FC-B26C-4CDC-A471-1A0CB880006C}.Debug|Win32.ActiveCfg = Debug|Win32
		{D8D967FC-B26C-4CDC-A471-1A0CB880006C}.Debug|Win32.Build.0 = Debug|Win32
		{D8D967FC-B26C-4CDC-A471-1A0CB880006C}.Release|Win32.ActiveCfg = Release|Win32
		{D8D967FC-B26C-4CDC-A471-1A0CB880006C}.Release|Win32.Build.0 = Release|Win32
		{D8D967FC-B26C-4CDC-A471-1A0CB880006C}.MinSizeRel|Win32.ActiveCfg = MinSizeRel|Win32
		{D8D967FC-B26C-4CDC-A471-1A0CB880006C}.MinSizeRel|Win32.Build.0 = MinSizeRel|Win32
		{D8D967FC-B26C-4CDC-A471-1A0CB880006C}.RelWithDebInfo|Win32.ActiveCfg = RelWithDebInfo|Win32
		{D8D967FC-B26C-4CDC-A471-1A0CB880006C}.RelWithDebInfo|Win32.Build.0 = RelWithDebInfo|Win32
		{A3C8A5F7-2FCF-4DEA-B5E1-2B88F0F81679}.Debug|Win32.ActiveCfg = Debug|Win32
		{A3C8A5F7-2FCF-4DEA-B5E1-2B88F0F81679}.Debug|Win32.Build.0 = Debug|Win32
		{A3C8A5F7-2FCF-4DEA-B5E1-2B88F0F81679}.Release|Win32.ActiveCfg = Release|Win32
		{A3C8A5F7-2FCF-4DEA-B5E1-2B88F0F81679}.Release|Win32.Build.0 = Release|Win32
		{A3C8A5F7-2FCF-4DEA-B5E1-2B88F0F81679}.MinSizeRel|Win32.ActiveCfg = MinSizeRel|Win32
		{A3C8A5F7-2FCF-4DEA-B5E1-2B88F0F81679}.MinSizeRel|Win32.Build.0 = MinSizeRel|Win32
		{A3C8A5F7-2FCF-4DEA-B5E1-2B88F0F81679}.RelWithDebInfo|Win32.ActiveCfg = RelWithDebInfo|Win32
		{A3C8A5F7-2FCF-4DEA-B5E1-2B88F0F81679}.RelWithDebInfo|Win32.Build.0 = RelWithDebInfo|Win32
		{D5199554-D193-4C99-8F95-59AF03DF6CC2}.Debug|Win32.ActiveCfg = Debug|Win32
		{D5199554-D193-4C99-8F95-59AF03DF6CC2}.Debug|Win32.Build.0 = Debug|Win32
		{D5199554-D193-4C99-8F95-59AF03DF6CC2}.Release|Win32.ActiveCfg = Release|Win32
		{D5199554-D193-4C99-8F95-59AF03DF6CC2}.Release|Win32.Build.0 = Release|Win32
		{D5199554-D193-4C99-8F95-59AF03DF6CC2}.MinSizeRel|Win32.ActiveCfg = MinSizeRel|Win32
		{D5199554-D193-4C99-8F95-59AF03DF6CC2}.MinSizeRel|Win32.Build.0 = MinSizeRel|Win32
		{D5199554-D193-4C99-8F95-59AF03DF6CC2}.RelWithDebInfo|Win32.ActiveCfg = RelWithDebInfo|Win32
		{D5199554-D193-4C99-8F95-59AF03DF6CC2}.RelWithDebInfo|Win32.Build.0 = RelWithDebInfo|Win32
		{4CD77F87-06C5-4A0E-A94D-F79D15EE5067}.Debug|Win32.ActiveCfg = Debug|Win32
		{4CD77F87-06C5-4A0E-A94D-F79D15EE5067}.Debug|Win32.Build.0 = Debug|Win32
		{4CD77F87-06C5-4A0E-A94D-F79D15EE5067}.Release|Win32.ActiveCfg = Release|Win32
		{4CD77F87-06C5-4A0E-A94D-F79D15EE5067}.Release|Win32.Build.0 = Release|Win32
		{4CD77F87-06C5-4A0E-A94D-F79D15EE5067}.MinSizeRel|Win32.ActiveCfg = MinSizeRel|Win32
		{4CD77F87-06C5-4A0E-A94D-F79D15EE5067}.MinSizeRel|Win32.Build.0 = MinSizeRel|Win32
		{4CD77F87-06C5-4A0E-A94D-F79D15EE5067}.RelWithDebInfo|Win32.ActiveCfg = RelWithDebInfo|Win32
		{4CD77F87-06C5-4A0E-A94D-F79D15EE5067}.RelWithDebInfo|Win32.Build.0 = RelWithDebInfo|Win32
		{1F20E70D-9D3D-4C16-BAFA-B78FDB106CAB}.Debug|Win32.ActiveCfg = Debug|Win32
		{1F20E70D-9D3D-4C16-BAFA-B78FDB106CAB}.Debug|Win32.Build.0 = Debug|Win32
		{1F20E70D-9D3D-4C16-BAFA-B78FDB106CAB}.Release|Win32.ActiveCfg = Release|Win32
		{1F20E70D-9D3D-4C16-BAFA-B78FDB106CAB}.Release|Win32.Build.0 = Release|Win32
		{1F20E70D-9D3D-4C16-BAFA-B78FDB106CAB}.MinSizeRel|Win32.ActiveCfg = MinSizeRel|Win32
		{1F20E70D-9D3D-4C16-BAFA-B78FDB106CAB}.MinSizeRel|Win32.Build.0 = MinSizeRel|Win32
		{1F20E70D-9D3D-4C16-BAFA-B78FDB106CAB}.RelWithDebInfo|Win32.ActiveCfg = RelWithDebInfo|Win32
		{1F20E70D-9D3D-4C16-BAFA-B78FDB106CAB}.RelWithDebInfo|Win32.Build.0 = RelWithDebInfo|Win32
		{41C2A04D-BCBF-40C1-B637-C8AB61965ED3}.Debug|Win32.ActiveCfg = Debug|Win32
		{41C2A04D-BCBF-40C1-B637-C8AB61965ED3}.Debug|Win32.Build.0 = Debug|Win32
		{41C2A04D-BCBF-40C1-B637-C8AB61965ED3}.Release|Win32.ActiveCfg = Release|Win32
		{41C2A04D-BCBF-40C1-B637-C8AB61965ED3}.Release|Win32.Build.0 = Release|Win32
		{41C2A04D-BCBF-40C1-B637-C8AB61965ED3}.MinSizeRel|Win32.ActiveCfg = MinSizeRel|Win32
		{41C2A04D-BCBF-40C1-B637-C8AB61965ED3}.MinSizeRel|Win32.Build.0 = MinSizeRel|Win32
		{41C2A04D-BCBF-40C1-B637-C8AB61965ED3}.RelWithDebInfo|Win32.ActiveCfg = RelWithDebInfo|Win32
		{41C2A04D-BCBF-40C1-B637-C8AB61965ED3}.RelWithDebInfo|Win32.Build.0 = RelWithDebInfo|Win32
		{6B964E21-C962-4DC8-B008-152AB832940F}.Debug|Win32.ActiveCfg = Debug|Win32
		{6B964E21-C962-4DC8-B008-152AB832940F}.Debug|Win32.Build.0 = Debug|Win32
		{6B964E21-C962-4DC8-B008-152AB832940F}.Release|Win32.ActiveCfg = Release|Win32
		{6B964E21-C962-4DC8-B008-152AB832940F}.Release|Win32.Build.0 = Release|Win32
		{6B964E21-C962-4DC8-B008-152AB832940F}.MinSizeRel|Win32.ActiveCfg = MinSizeRel|Win32
		{6B964E21-C962-4DC8-B008-152AB832940F}.MinSizeRel|Win32.Build.0 = MinSizeRel|Win32
		{6B964E21-C962-4DC8-B008-152AB832940F}.RelWithDebInfo|Win32.ActiveCfg = RelWithDebInfo|Win32
		{6B964E21-C962-4DC8-B008-152AB832940F}.RelWithDebInfo|Win32.Build.0 = RelWithDebInfo|Win32
		{55E1FE2D-B371-4967-8168-8B8EF763B7A8}.Debug|Win32.ActiveCfg = Debug|Win32
		{55E1FE2D-B371-4967-8168-8B8EF763B7A8}.Debug|Win32.Build.0 = Debug|Win32
		{55E1FE2D-B371-4967-8168-8B8EF763B7A8}.Release|Win32.ActiveCfg = Release|Win32
		{55E1FE2D-B371-4967-8168-8B8EF763B7A8}.Release|Win32.Build.0 = Release|Win32
		{55E1FE2D-B371-4967-8168-8B8EF763B7A8}.MinSizeRel|Win32.ActiveCfg = MinSizeRel|Win32
		{55E1FE2D-B371-4967-8168-8B8EF763B7A8}.MinSizeRel|Win32.Build.0 = MinSizeRel|Win32
		{55E1FE2D-B371-4967-8168-8B8EF763B7A8}.RelWithDebInfo|Win32.ActiveCfg = RelWithDebInfo|Win32
		{55E1FE2D-B371-4967-8168-8B8EF763B7A8}.RelWithDebInfo|Win32.Build.0 = RelWithDebInfo|Win32
		{D5949EA9-4B53-473D-942E-A4CE414B08B8}.Debug|Win32.ActiveCfg = Debug|Win32
		{D5949EA9-4B53-473D-942E-A4CE414B08B8}.Debug|Win32.Build.0 = Debug|Win32
		{D5949EA9-4B53-473D-942E-A4CE414B08B8}.Release|Win32.ActiveCfg = Release|Win32
		{D5949EA9-4B53-473D-942E-A4CE414B08B8}.Release|Win32.Build.0 = Release|Win32
		{D5949EA9-4B53-473D-942E-A4CE414B08B8}.MinSizeRel|Win32.ActiveCfg = MinSizeRel|Win32
		{D5949EA9-4B53-473D-942E-A4CE414B08B8}.MinSizeRel|Win32.Build.0 = MinSizeRel|Win32
		{D5949EA9-4B53-473D-942E-A4CE414B08B8}.RelWithDebInfo|Win32.ActiveCfg = RelWithDebInfo|Win32
		{D5949EA9-4B53-473D-942E-A4CE414B08B8}.RelWithDebInfo|Win32.Build.0 = RelWithDebInfo|Win32
	EndGlobalSection
	GlobalSection(ExtensibilityGlobals) = postSolution
	EndGlobalSection
	GlobalSection(ExtensibilityAddIns) = postSolution
	EndGlobalSection
EndGlobal
