<?xml version="1.0" encoding="utf-8"?>
<Project ToolsVersion="4.0" xmlns="http://schemas.microsoft.com/developer/msbuild/2003">
  <ItemGroup>
    <Filter Include="ソース ファイル">
      <UniqueIdentifier>{4FC737F1-C7A5-4376-A066-2A32D752A2FF}</UniqueIdentifier>
      <Extensions>cpp;c;cc;cxx;def;odl;idl;hpj;bat</Extensions>
    </Filter>
    <Filter Include="ヘッダー ファイル">
      <UniqueIdentifier>{93995380-89BD-4b04-88EB-625FBE52EBFB}</UniqueIdentifier>
      <Extensions>h;hpp;hxx;hm;inl;inc;xsd</Extensions>
    </Filter>
    <Filter Include="ASM Source">
      <UniqueIdentifier>{1f790f7b-2aa1-4a25-b98a-ead5e1733162}</UniqueIdentifier>
      <Extensions>asm</Extensions>
    </Filter>
  </ItemGroup>
  <ItemGroup>
    <ClCompile Include="adler32.c">
      <Filter>ソース ファイル</Filter>
    </ClCompile>
    <ClCompile Include="compress.c">
      <Filter>ソース ファイル</Filter>
    </ClCompile>
    <ClCompile Include="crc32.c">
      <Filter>ソース ファイル</Filter>
    </ClCompile>
    <ClCompile Include="deflate.c">
      <Filter>ソース ファイル</Filter>
    </ClCompile>
    <ClCompile Include="gzclose.c">
      <Filter>ソース ファイル</Filter>
    </ClCompile>
    <ClCompile Include="gzlib.c">
      <Filter>ソース ファイル</Filter>
    </ClCompile>
    <ClCompile Include="gzread.c">
      <Filter>ソース ファイル</Filter>
    </ClCompile>
    <ClCompile Include="gzwrite.c">
      <Filter>ソース ファイル</Filter>
    </ClCompile>
    <ClCompile Include="infback.c">
      <Filter>ソース ファイル</Filter>
    </ClCompile>
    <ClCompile Include="inffast.c">
      <Filter>ソース ファイル</Filter>
    </ClCompile>
    <ClCompile Include="inflate.c">
      <Filter>ソース ファイル</Filter>
    </ClCompile>
    <ClCompile Include="inftrees.c">
      <Filter>ソース ファイル</Filter>
    </ClCompile>
    <ClCompile Include="trees.c">
      <Filter>ソース ファイル</Filter>
    </ClCompile>
    <ClCompile Include="uncompr.c">
      <Filter>ソース ファイル</Filter>
    </ClCompile>
    <ClCompile Include="zutil.c">
      <Filter>ソース ファイル</Filter>
    </ClCompile>
  </ItemGroup>
  <ItemGroup>
    <CustomBuild Include="contrib\masmx86\inffas32.asm">
      <Filter>ASM Source</Filter>
    </CustomBuild>
    <CustomBuild Include="contrib\masmx86\match686.asm">
      <Filter>ASM Source</Filter>
    </CustomBuild>
  </ItemGroup>
</Project>