<?xml version="1.0" encoding="utf-8"?>
<Project ToolsVersion="4.0" xmlns="http://schemas.microsoft.com/developer/msbuild/2003">
  <ItemGroup>
    <Filter Include="Source Files">
      <UniqueIdentifier>{4FC737F1-C7A5-4376-A066-2A32D752A2FF}</UniqueIdentifier>
      <Extensions>cpp;c;cc;cxx;def;odl;idl;hpj;bat;asm;asmx</Extensions>
    </Filter>
    <Filter Include="Header Files">
      <UniqueIdentifier>{93995380-89BD-4b04-88EB-625FBE52EBFB}</UniqueIdentifier>
      <Extensions>h;hh;hpp;hxx;hm;inl;inc;xsd</Extensions>
    </Filter>
    <Filter Include="Resource Files">
      <UniqueIdentifier>{67DA6AB6-F800-4c08-8B7A-83BB121AAD01}</UniqueIdentifier>
      <Extensions>rc;ico;cur;bmp;dlg;rc2;rct;bin;rgs;gif;jpg;jpeg;jpe;resx;tiff;tif;png;wav;mfcribbon-ms</Extensions>
    </Filter>
    <Filter Include="Header Files\Detours">
      <UniqueIdentifier>{188cea67-e1ec-45f2-9f5f-4d5305424006}</UniqueIdentifier>
    </Filter>
    <Filter Include="Source Files\Detours">
      <UniqueIdentifier>{9ceaf48e-9556-48de-8843-db3da4464cbe}</UniqueIdentifier>
    </Filter>
  </ItemGroup>
  <ItemGroup>
    <ClInclude Include="..\Detours\src\detours.h">
      <Filter>Header Files\Detours</Filter>
    </ClInclude>
    <ClInclude Include="..\Detours\src\detver.h">
      <Filter>Header Files\Detours</Filter>
    </ClInclude>
    <ClInclude Include="DetoursNT.h">
      <Filter>Header Files</Filter>
    </ClInclude>
  </ItemGroup>
  <ItemGroup>
    <ClCompile Include="..\Detours\src\detours.cpp">
      <Filter>Source Files\Detours</Filter>
    </ClCompile>
    <ClCompile Include="..\Detours\src\disasm.cpp">
      <Filter>Source Files\Detours</Filter>
    </ClCompile>
    <ClCompile Include="..\Detours\src\disolarm.cpp">
      <Filter>Source Files\Detours</Filter>
    </ClCompile>
    <ClCompile Include="..\Detours\src\disolarm64.cpp">
      <Filter>Source Files\Detours</Filter>
    </ClCompile>
    <ClCompile Include="..\Detours\src\disolia64.cpp">
      <Filter>Source Files\Detours</Filter>
    </ClCompile>
    <ClCompile Include="..\Detours\src\disolx64.cpp">
      <Filter>Source Files\Detours</Filter>
    </ClCompile>
    <ClCompile Include="..\Detours\src\disolx86.cpp">
      <Filter>Source Files\Detours</Filter>
    </ClCompile>
    <ClCompile Include="DetoursNT.cpp">
      <Filter>Source Files</Filter>
    </ClCompile>
  </ItemGroup>
</Project>