
Microsoft Visual Studio Solution File, Format Version 12.00
# Visual Studio 15
VisualStudioVersion = 15.0.28307.1062
MinimumVisualStudioVersion = 10.0.40219.1
Project("{8BC9CEB8-8B4A-11D0-8D11-00A0C91BC942}") = "tvpwin32", "tvpwin32.vcxproj", "{0DA37E3E-48F9-4853-AB2A-76D79042203C}"
	ProjectSection(ProjectDependencies) = postProject
		{6BCEBA3B-7D1D-4D63-AB31-CA4570295560} = {6BCEBA3B-7D1D-4D63-AB31-CA4570295560}
		{70F4D261-0235-4052-B1CF-5BE29660A43E} = {70F4D261-0235-4052-B1CF-5BE29660A43E}
		{78B079BD-9FC7-4B9E-B4A6-96DA0F00248B} = {78B079BD-9FC7-4B9E-B4A6-96DA0F00248B}
		{01EE84B8-057A-3435-8FE2-AB4A2FB93841} = {01EE84B8-057A-3435-8FE2-AB4A2FB93841}
		{6030C310-D5E7-39A0-A65F-6344447A66CC} = {6030C310-D5E7-39A0-A65F-6344447A66CC}
		{E8A3F6FA-AE1C-4C8E-A0B6-9C8480324EAA} = {E8A3F6FA-AE1C-4C8E-A0B6-9C8480324EAA}
	EndProjectSection
EndProject
Project("{8BC9CEB8-8B4A-11D0-8D11-00A0C91BC942}") = "zlib", "..\external\zlib\zlib.vcxproj", "{70F4D261-0235-4052-B1CF-5BE29660A43E}"
EndProject
Project("{8BC9CEB8-8B4A-11D0-8D11-00A0C91BC942}") = "libpng", "..\external\lpng\libpng.vcxproj", "{6BCEBA3B-7D1D-4D63-AB31-CA4570295560}"
	ProjectSection(ProjectDependencies) = postProject
		{70F4D261-0235-4052-B1CF-5BE29660A43E} = {70F4D261-0235-4052-B1CF-5BE29660A43E}
	EndProjectSection
EndProject
Project("{8BC9CEB8-8B4A-11D0-8D11-00A0C91BC942}") = "onig", "..\external\onig\onig.vcxproj", "{6030C310-D5E7-39A0-A65F-6344447A66CC}"
EndProject
Project("{8BC9CEB8-8B4A-11D0-8D11-00A0C91BC942}") = "turbojpeg-static", "..\external\libjpeg-turbo\vcproj\turbojpeg-static.vcxproj", "{01EE84B8-057A-3435-8FE2-AB4A2FB93841}"
EndProject
Project("{8BC9CEB8-8B4A-11D0-8D11-00A0C91BC942}") = "freetype", "..\external\freetype\builds\windows\vc2012\freetype.vcxproj", "{78B079BD-9FC7-4B9E-B4A6-96DA0F00248B}"
EndProject
Project("{8BC9CEB8-8B4A-11D0-8D11-00A0C91BC942}") = "BaseClasses", "..\external\baseclasses\BaseClasses.vcxproj", "{E8A3F6FA-AE1C-4C8E-A0B6-9C8480324EAA}"
EndProject
Global
	GlobalSection(SolutionConfigurationPlatforms) = preSolution
		Debug Multithreaded|Win32 = Debug Multithreaded|Win32
		Debug Multithreaded|x64 = Debug Multithreaded|x64
		Debug Singlethreaded|Win32 = Debug Singlethreaded|Win32
		Debug Singlethreaded|x64 = Debug Singlethreaded|x64
		Debug|Win32 = Debug|Win32
		Debug|x64 = Debug|x64
		Release Enable Debugger|Win32 = Release Enable Debugger|Win32
		Release Enable Debugger|x64 = Release Enable Debugger|x64
		Release Multithreaded|Win32 = Release Multithreaded|Win32
		Release Multithreaded|x64 = Release Multithreaded|x64
		Release Singlethreaded|Win32 = Release Singlethreaded|Win32
		Release Singlethreaded|x64 = Release Singlethreaded|x64
		Release|Win32 = Release|Win32
		Release|x64 = Release|x64
	EndGlobalSection
	GlobalSection(ProjectConfigurationPlatforms) = postSolution
		{0DA37E3E-48F9-4853-AB2A-76D79042203C}.Debug Multithreaded|Win32.ActiveCfg = Debug|Win32
		{0DA37E3E-48F9-4853-AB2A-76D79042203C}.Debug Multithreaded|Win32.Build.0 = Debug|Win32
		{0DA37E3E-48F9-4853-AB2A-76D79042203C}.Debug Multithreaded|x64.ActiveCfg = Debug|Win32
		{0DA37E3E-48F9-4853-AB2A-76D79042203C}.Debug Singlethreaded|Win32.ActiveCfg = Debug|Win32
		{0DA37E3E-48F9-4853-AB2A-76D79042203C}.Debug Singlethreaded|Win32.Build.0 = Debug|Win32
		{0DA37E3E-48F9-4853-AB2A-76D79042203C}.Debug Singlethreaded|x64.ActiveCfg = Debug|Win32
		{0DA37E3E-48F9-4853-AB2A-76D79042203C}.Debug|Win32.ActiveCfg = Debug|Win32
		{0DA37E3E-48F9-4853-AB2A-76D79042203C}.Debug|Win32.Build.0 = Debug|Win32
		{0DA37E3E-48F9-4853-AB2A-76D79042203C}.Debug|x64.ActiveCfg = Debug|x64
		{0DA37E3E-48F9-4853-AB2A-76D79042203C}.Debug|x64.Build.0 = Debug|x64
		{0DA37E3E-48F9-4853-AB2A-76D79042203C}.Release Enable Debugger|Win32.ActiveCfg = Release Enable Debugger|Win32
		{0DA37E3E-48F9-4853-AB2A-76D79042203C}.Release Enable Debugger|Win32.Build.0 = Release Enable Debugger|Win32
		{0DA37E3E-48F9-4853-AB2A-76D79042203C}.Release Enable Debugger|x64.ActiveCfg = Release Enable Debugger|x64
		{0DA37E3E-48F9-4853-AB2A-76D79042203C}.Release Enable Debugger|x64.Build.0 = Release Enable Debugger|x64
		{0DA37E3E-48F9-4853-AB2A-76D79042203C}.Release Multithreaded|Win32.ActiveCfg = Release|Win32
		{0DA37E3E-48F9-4853-AB2A-76D79042203C}.Release Multithreaded|Win32.Build.0 = Release|Win32
		{0DA37E3E-48F9-4853-AB2A-76D79042203C}.Release Multithreaded|x64.ActiveCfg = Release Enable Debugger|x64
		{0DA37E3E-48F9-4853-AB2A-76D79042203C}.Release Singlethreaded|Win32.ActiveCfg = Release|Win32
		{0DA37E3E-48F9-4853-AB2A-76D79042203C}.Release Singlethreaded|Win32.Build.0 = Release|Win32
		{0DA37E3E-48F9-4853-AB2A-76D79042203C}.Release Singlethreaded|x64.ActiveCfg = Release Enable Debugger|Win32
		{0DA37E3E-48F9-4853-AB2A-76D79042203C}.Release|Win32.ActiveCfg = Release|Win32
		{0DA37E3E-48F9-4853-AB2A-76D79042203C}.Release|Win32.Build.0 = Release|Win32
		{0DA37E3E-48F9-4853-AB2A-76D79042203C}.Release|x64.ActiveCfg = Release|x64
		{0DA37E3E-48F9-4853-AB2A-76D79042203C}.Release|x64.Build.0 = Release|x64
		{70F4D261-0235-4052-B1CF-5BE29660A43E}.Debug Multithreaded|Win32.ActiveCfg = Debug|Win32
		{70F4D261-0235-4052-B1CF-5BE29660A43E}.Debug Multithreaded|Win32.Build.0 = Debug|Win32
		{70F4D261-0235-4052-B1CF-5BE29660A43E}.Debug Multithreaded|x64.ActiveCfg = Debug|Win32
		{70F4D261-0235-4052-B1CF-5BE29660A43E}.Debug Singlethreaded|Win32.ActiveCfg = Debug|Win32
		{70F4D261-0235-4052-B1CF-5BE29660A43E}.Debug Singlethreaded|Win32.Build.0 = Debug|Win32
		{70F4D261-0235-4052-B1CF-5BE29660A43E}.Debug Singlethreaded|x64.ActiveCfg = Debug|Win32
		{70F4D261-0235-4052-B1CF-5BE29660A43E}.Debug|Win32.ActiveCfg = Debug|Win32
		{70F4D261-0235-4052-B1CF-5BE29660A43E}.Debug|Win32.Build.0 = Debug|Win32
		{70F4D261-0235-4052-B1CF-5BE29660A43E}.Debug|x64.ActiveCfg = Debug|x64
		{70F4D261-0235-4052-B1CF-5BE29660A43E}.Debug|x64.Build.0 = Debug|x64
		{70F4D261-0235-4052-B1CF-5BE29660A43E}.Release Enable Debugger|Win32.ActiveCfg = Release|Win32
		{70F4D261-0235-4052-B1CF-5BE29660A43E}.Release Enable Debugger|Win32.Build.0 = Release|Win32
		{70F4D261-0235-4052-B1CF-5BE29660A43E}.Release Enable Debugger|x64.ActiveCfg = Release|x64
		{70F4D261-0235-4052-B1CF-5BE29660A43E}.Release Enable Debugger|x64.Build.0 = Release|x64
		{70F4D261-0235-4052-B1CF-5BE29660A43E}.Release Multithreaded|Win32.ActiveCfg = Release|Win32
		{70F4D261-0235-4052-B1CF-5BE29660A43E}.Release Multithreaded|Win32.Build.0 = Release|Win32
		{70F4D261-0235-4052-B1CF-5BE29660A43E}.Release Multithreaded|x64.ActiveCfg = Release|x64
		{70F4D261-0235-4052-B1CF-5BE29660A43E}.Release Singlethreaded|Win32.ActiveCfg = Release|Win32
		{70F4D261-0235-4052-B1CF-5BE29660A43E}.Release Singlethreaded|Win32.Build.0 = Release|Win32
		{70F4D261-0235-4052-B1CF-5BE29660A43E}.Release Singlethreaded|x64.ActiveCfg = Release|Win32
		{70F4D261-0235-4052-B1CF-5BE29660A43E}.Release|Win32.ActiveCfg = Release|Win32
		{70F4D261-0235-4052-B1CF-5BE29660A43E}.Release|Win32.Build.0 = Release|Win32
		{70F4D261-0235-4052-B1CF-5BE29660A43E}.Release|x64.ActiveCfg = Release|x64
		{70F4D261-0235-4052-B1CF-5BE29660A43E}.Release|x64.Build.0 = Release|x64
		{6BCEBA3B-7D1D-4D63-AB31-CA4570295560}.Debug Multithreaded|Win32.ActiveCfg = Debug|Win32
		{6BCEBA3B-7D1D-4D63-AB31-CA4570295560}.Debug Multithreaded|Win32.Build.0 = Debug|Win32
		{6BCEBA3B-7D1D-4D63-AB31-CA4570295560}.Debug Multithreaded|x64.ActiveCfg = Debug|Win32
		{6BCEBA3B-7D1D-4D63-AB31-CA4570295560}.Debug Singlethreaded|Win32.ActiveCfg = Debug|Win32
		{6BCEBA3B-7D1D-4D63-AB31-CA4570295560}.Debug Singlethreaded|Win32.Build.0 = Debug|Win32
		{6BCEBA3B-7D1D-4D63-AB31-CA4570295560}.Debug Singlethreaded|x64.ActiveCfg = Debug|Win32
		{6BCEBA3B-7D1D-4D63-AB31-CA4570295560}.Debug|Win32.ActiveCfg = Debug|Win32
		{6BCEBA3B-7D1D-4D63-AB31-CA4570295560}.Debug|Win32.Build.0 = Debug|Win32
		{6BCEBA3B-7D1D-4D63-AB31-CA4570295560}.Debug|x64.ActiveCfg = Debug|x64
		{6BCEBA3B-7D1D-4D63-AB31-CA4570295560}.Debug|x64.Build.0 = Debug|x64
		{6BCEBA3B-7D1D-4D63-AB31-CA4570295560}.Release Enable Debugger|Win32.ActiveCfg = Release|Win32
		{6BCEBA3B-7D1D-4D63-AB31-CA4570295560}.Release Enable Debugger|Win32.Build.0 = Release|Win32
		{6BCEBA3B-7D1D-4D63-AB31-CA4570295560}.Release Enable Debugger|x64.ActiveCfg = Release|x64
		{6BCEBA3B-7D1D-4D63-AB31-CA4570295560}.Release Enable Debugger|x64.Build.0 = Release|x64
		{6BCEBA3B-7D1D-4D63-AB31-CA4570295560}.Release Multithreaded|Win32.ActiveCfg = Release|Win32
		{6BCEBA3B-7D1D-4D63-AB31-CA4570295560}.Release Multithreaded|Win32.Build.0 = Release|Win32
		{6BCEBA3B-7D1D-4D63-AB31-CA4570295560}.Release Multithreaded|x64.ActiveCfg = Release|x64
		{6BCEBA3B-7D1D-4D63-AB31-CA4570295560}.Release Singlethreaded|Win32.ActiveCfg = Release|Win32
		{6BCEBA3B-7D1D-4D63-AB31-CA4570295560}.Release Singlethreaded|Win32.Build.0 = Release|Win32
		{6BCEBA3B-7D1D-4D63-AB31-CA4570295560}.Release Singlethreaded|x64.ActiveCfg = Release|Win32
		{6BCEBA3B-7D1D-4D63-AB31-CA4570295560}.Release|Win32.ActiveCfg = Release|Win32
		{6BCEBA3B-7D1D-4D63-AB31-CA4570295560}.Release|Win32.Build.0 = Release|Win32
		{6BCEBA3B-7D1D-4D63-AB31-CA4570295560}.Release|x64.ActiveCfg = Release|x64
		{6BCEBA3B-7D1D-4D63-AB31-CA4570295560}.Release|x64.Build.0 = Release|x64
		{6030C310-D5E7-39A0-A65F-6344447A66CC}.Debug Multithreaded|Win32.ActiveCfg = Debug|Win32
		{6030C310-D5E7-39A0-A65F-6344447A66CC}.Debug Multithreaded|Win32.Build.0 = Debug|Win32
		{6030C310-D5E7-39A0-A65F-6344447A66CC}.Debug Multithreaded|x64.ActiveCfg = Debug|Win32
		{6030C310-D5E7-39A0-A65F-6344447A66CC}.Debug Singlethreaded|Win32.ActiveCfg = Debug|Win32
		{6030C310-D5E7-39A0-A65F-6344447A66CC}.Debug Singlethreaded|Win32.Build.0 = Debug|Win32
		{6030C310-D5E7-39A0-A65F-6344447A66CC}.Debug Singlethreaded|x64.ActiveCfg = Debug|Win32
		{6030C310-D5E7-39A0-A65F-6344447A66CC}.Debug|Win32.ActiveCfg = Debug|Win32
		{6030C310-D5E7-39A0-A65F-6344447A66CC}.Debug|Win32.Build.0 = Debug|Win32
		{6030C310-D5E7-39A0-A65F-6344447A66CC}.Debug|x64.ActiveCfg = Debug|x64
		{6030C310-D5E7-39A0-A65F-6344447A66CC}.Debug|x64.Build.0 = Debug|x64
		{6030C310-D5E7-39A0-A65F-6344447A66CC}.Release Enable Debugger|Win32.ActiveCfg = Release|Win32
		{6030C310-D5E7-39A0-A65F-6344447A66CC}.Release Enable Debugger|Win32.Build.0 = Release|Win32
		{6030C310-D5E7-39A0-A65F-6344447A66CC}.Release Enable Debugger|x64.ActiveCfg = Release|x64
		{6030C310-D5E7-39A0-A65F-6344447A66CC}.Release Enable Debugger|x64.Build.0 = Release|x64
		{6030C310-D5E7-39A0-A65F-6344447A66CC}.Release Multithreaded|Win32.ActiveCfg = Release|Win32
		{6030C310-D5E7-39A0-A65F-6344447A66CC}.Release Multithreaded|Win32.Build.0 = Release|Win32
		{6030C310-D5E7-39A0-A65F-6344447A66CC}.Release Multithreaded|x64.ActiveCfg = Release|x64
		{6030C310-D5E7-39A0-A65F-6344447A66CC}.Release Singlethreaded|Win32.ActiveCfg = Release|Win32
		{6030C310-D5E7-39A0-A65F-6344447A66CC}.Release Singlethreaded|Win32.Build.0 = Release|Win32
		{6030C310-D5E7-39A0-A65F-6344447A66CC}.Release Singlethreaded|x64.ActiveCfg = Release|Win32
		{6030C310-D5E7-39A0-A65F-6344447A66CC}.Release|Win32.ActiveCfg = Release|Win32
		{6030C310-D5E7-39A0-A65F-6344447A66CC}.Release|Win32.Build.0 = Release|Win32
		{6030C310-D5E7-39A0-A65F-6344447A66CC}.Release|x64.ActiveCfg = Release|x64
		{6030C310-D5E7-39A0-A65F-6344447A66CC}.Release|x64.Build.0 = Release|x64
		{01EE84B8-057A-3435-8FE2-AB4A2FB93841}.Debug Multithreaded|Win32.ActiveCfg = Debug|Win32
		{01EE84B8-057A-3435-8FE2-AB4A2FB93841}.Debug Multithreaded|Win32.Build.0 = Debug|Win32
		{01EE84B8-057A-3435-8FE2-AB4A2FB93841}.Debug Multithreaded|x64.ActiveCfg = Debug|Win32
		{01EE84B8-057A-3435-8FE2-AB4A2FB93841}.Debug Singlethreaded|Win32.ActiveCfg = Debug|Win32
		{01EE84B8-057A-3435-8FE2-AB4A2FB93841}.Debug Singlethreaded|Win32.Build.0 = Debug|Win32
		{01EE84B8-057A-3435-8FE2-AB4A2FB93841}.Debug Singlethreaded|x64.ActiveCfg = Debug|Win32
		{01EE84B8-057A-3435-8FE2-AB4A2FB93841}.Debug|Win32.ActiveCfg = Debug|Win32
		{01EE84B8-057A-3435-8FE2-AB4A2FB93841}.Debug|Win32.Build.0 = Debug|Win32
		{01EE84B8-057A-3435-8FE2-AB4A2FB93841}.Debug|x64.ActiveCfg = Debug|x64
		{01EE84B8-057A-3435-8FE2-AB4A2FB93841}.Debug|x64.Build.0 = Debug|x64
		{01EE84B8-057A-3435-8FE2-AB4A2FB93841}.Release Enable Debugger|Win32.ActiveCfg = Release|Win32
		{01EE84B8-057A-3435-8FE2-AB4A2FB93841}.Release Enable Debugger|Win32.Build.0 = Release|Win32
		{01EE84B8-057A-3435-8FE2-AB4A2FB93841}.Release Enable Debugger|x64.ActiveCfg = Release|x64
		{01EE84B8-057A-3435-8FE2-AB4A2FB93841}.Release Enable Debugger|x64.Build.0 = Release|x64
		{01EE84B8-057A-3435-8FE2-AB4A2FB93841}.Release Multithreaded|Win32.ActiveCfg = Release|Win32
		{01EE84B8-057A-3435-8FE2-AB4A2FB93841}.Release Multithreaded|Win32.Build.0 = Release|Win32
		{01EE84B8-057A-3435-8FE2-AB4A2FB93841}.Release Multithreaded|x64.ActiveCfg = Release|x64
		{01EE84B8-057A-3435-8FE2-AB4A2FB93841}.Release Singlethreaded|Win32.ActiveCfg = Release|Win32
		{01EE84B8-057A-3435-8FE2-AB4A2FB93841}.Release Singlethreaded|Win32.Build.0 = Release|Win32
		{01EE84B8-057A-3435-8FE2-AB4A2FB93841}.Release Singlethreaded|x64.ActiveCfg = Release|Win32
		{01EE84B8-057A-3435-8FE2-AB4A2FB93841}.Release|Win32.ActiveCfg = Release|Win32
		{01EE84B8-057A-3435-8FE2-AB4A2FB93841}.Release|Win32.Build.0 = Release|Win32
		{01EE84B8-057A-3435-8FE2-AB4A2FB93841}.Release|x64.ActiveCfg = Release|x64
		{01EE84B8-057A-3435-8FE2-AB4A2FB93841}.Release|x64.Build.0 = Release|x64
		{78B079BD-9FC7-4B9E-B4A6-96DA0F00248B}.Debug Multithreaded|Win32.ActiveCfg = Debug Multithreaded|Win32
		{78B079BD-9FC7-4B9E-B4A6-96DA0F00248B}.Debug Multithreaded|Win32.Build.0 = Debug Multithreaded|Win32
		{78B079BD-9FC7-4B9E-B4A6-96DA0F00248B}.Debug Multithreaded|x64.ActiveCfg = Debug Multithreaded|x64
		{78B079BD-9FC7-4B9E-B4A6-96DA0F00248B}.Debug Multithreaded|x64.Build.0 = Debug Multithreaded|x64
		{78B079BD-9FC7-4B9E-B4A6-96DA0F00248B}.Debug Singlethreaded|Win32.ActiveCfg = Debug Singlethreaded|Win32
		{78B079BD-9FC7-4B9E-B4A6-96DA0F00248B}.Debug Singlethreaded|Win32.Build.0 = Debug Singlethreaded|Win32
		{78B079BD-9FC7-4B9E-B4A6-96DA0F00248B}.Debug Singlethreaded|x64.ActiveCfg = Debug Singlethreaded|x64
		{78B079BD-9FC7-4B9E-B4A6-96DA0F00248B}.Debug Singlethreaded|x64.Build.0 = Debug Singlethreaded|x64
		{78B079BD-9FC7-4B9E-B4A6-96DA0F00248B}.Debug|Win32.ActiveCfg = Debug Multithreaded|Win32
		{78B079BD-9FC7-4B9E-B4A6-96DA0F00248B}.Debug|Win32.Build.0 = Debug Multithreaded|Win32
		{78B079BD-9FC7-4B9E-B4A6-96DA0F00248B}.Debug|x64.ActiveCfg = Debug Multithreaded|x64
		{78B079BD-9FC7-4B9E-B4A6-96DA0F00248B}.Debug|x64.Build.0 = Debug Multithreaded|x64
		{78B079BD-9FC7-4B9E-B4A6-96DA0F00248B}.Release Enable Debugger|Win32.ActiveCfg = Release Multithreaded|Win32
		{78B079BD-9FC7-4B9E-B4A6-96DA0F00248B}.Release Enable Debugger|Win32.Build.0 = Release Multithreaded|Win32
		{78B079BD-9FC7-4B9E-B4A6-96DA0F00248B}.Release Enable Debugger|x64.ActiveCfg = Release Multithreaded|x64
		{78B079BD-9FC7-4B9E-B4A6-96DA0F00248B}.Release Enable Debugger|x64.Build.0 = Release Multithreaded|x64
		{78B079BD-9FC7-4B9E-B4A6-96DA0F00248B}.Release Multithreaded|Win32.ActiveCfg = Release Multithreaded|Win32
		{78B079BD-9FC7-4B9E-B4A6-96DA0F00248B}.Release Multithreaded|Win32.Build.0 = Release Multithreaded|Win32
		{78B079BD-9FC7-4B9E-B4A6-96DA0F00248B}.Release Multithreaded|x64.ActiveCfg = Release Multithreaded|x64
		{78B079BD-9FC7-4B9E-B4A6-96DA0F00248B}.Release Multithreaded|x64.Build.0 = Release Multithreaded|x64
		{78B079BD-9FC7-4B9E-B4A6-96DA0F00248B}.Release Singlethreaded|Win32.ActiveCfg = Release Singlethreaded|Win32
		{78B079BD-9FC7-4B9E-B4A6-96DA0F00248B}.Release Singlethreaded|Win32.Build.0 = Release Singlethreaded|Win32
		{78B079BD-9FC7-4B9E-B4A6-96DA0F00248B}.Release Singlethreaded|x64.ActiveCfg = Release Singlethreaded|x64
		{78B079BD-9FC7-4B9E-B4A6-96DA0F00248B}.Release Singlethreaded|x64.Build.0 = Release Singlethreaded|x64
		{78B079BD-9FC7-4B9E-B4A6-96DA0F00248B}.Release|Win32.ActiveCfg = Release Multithreaded|Win32
		{78B079BD-9FC7-4B9E-B4A6-96DA0F00248B}.Release|Win32.Build.0 = Release Multithreaded|Win32
		{78B079BD-9FC7-4B9E-B4A6-96DA0F00248B}.Release|x64.ActiveCfg = Release Multithreaded|x64
		{78B079BD-9FC7-4B9E-B4A6-96DA0F00248B}.Release|x64.Build.0 = Release Multithreaded|x64
		{E8A3F6FA-AE1C-4C8E-A0B6-9C8480324EAA}.Debug Multithreaded|Win32.ActiveCfg = Debug|Win32
		{E8A3F6FA-AE1C-4C8E-A0B6-9C8480324EAA}.Debug Multithreaded|Win32.Build.0 = Debug|Win32
		{E8A3F6FA-AE1C-4C8E-A0B6-9C8480324EAA}.Debug Multithreaded|x64.ActiveCfg = Debug|x64
		{E8A3F6FA-AE1C-4C8E-A0B6-9C8480324EAA}.Debug Multithreaded|x64.Build.0 = Debug|x64
		{E8A3F6FA-AE1C-4C8E-A0B6-9C8480324EAA}.Debug Singlethreaded|Win32.ActiveCfg = Debug|Win32
		{E8A3F6FA-AE1C-4C8E-A0B6-9C8480324EAA}.Debug Singlethreaded|Win32.Build.0 = Debug|Win32
		{E8A3F6FA-AE1C-4C8E-A0B6-9C8480324EAA}.Debug Singlethreaded|x64.ActiveCfg = Debug|x64
		{E8A3F6FA-AE1C-4C8E-A0B6-9C8480324EAA}.Debug Singlethreaded|x64.Build.0 = Debug|x64
		{E8A3F6FA-AE1C-4C8E-A0B6-9C8480324EAA}.Debug|Win32.ActiveCfg = Debug|Win32
		{E8A3F6FA-AE1C-4C8E-A0B6-9C8480324EAA}.Debug|Win32.Build.0 = Debug|Win32
		{E8A3F6FA-AE1C-4C8E-A0B6-9C8480324EAA}.Debug|x64.ActiveCfg = Debug|x64
		{E8A3F6FA-AE1C-4C8E-A0B6-9C8480324EAA}.Debug|x64.Build.0 = Debug|x64
		{E8A3F6FA-AE1C-4C8E-A0B6-9C8480324EAA}.Release Enable Debugger|Win32.ActiveCfg = Release|Win32
		{E8A3F6FA-AE1C-4C8E-A0B6-9C8480324EAA}.Release Enable Debugger|Win32.Build.0 = Release|Win32
		{E8A3F6FA-AE1C-4C8E-A0B6-9C8480324EAA}.Release Enable Debugger|x64.ActiveCfg = Release|x64
		{E8A3F6FA-AE1C-4C8E-A0B6-9C8480324EAA}.Release Enable Debugger|x64.Build.0 = Release|x64
		{E8A3F6FA-AE1C-4C8E-A0B6-9C8480324EAA}.Release Multithreaded|Win32.ActiveCfg = Release|Win32
		{E8A3F6FA-AE1C-4C8E-A0B6-9C8480324EAA}.Release Multithreaded|Win32.Build.0 = Release|Win32
		{E8A3F6FA-AE1C-4C8E-A0B6-9C8480324EAA}.Release Multithreaded|x64.ActiveCfg = Release|x64
		{E8A3F6FA-AE1C-4C8E-A0B6-9C8480324EAA}.Release Multithreaded|x64.Build.0 = Release|x64
		{E8A3F6FA-AE1C-4C8E-A0B6-9C8480324EAA}.Release Singlethreaded|Win32.ActiveCfg = Release|Win32
		{E8A3F6FA-AE1C-4C8E-A0B6-9C8480324EAA}.Release Singlethreaded|Win32.Build.0 = Release|Win32
		{E8A3F6FA-AE1C-4C8E-A0B6-9C8480324EAA}.Release Singlethreaded|x64.ActiveCfg = Release|x64
		{E8A3F6FA-AE1C-4C8E-A0B6-9C8480324EAA}.Release Singlethreaded|x64.Build.0 = Release|x64
		{E8A3F6FA-AE1C-4C8E-A0B6-9C8480324EAA}.Release|Win32.ActiveCfg = Release|Win32
		{E8A3F6FA-AE1C-4C8E-A0B6-9C8480324EAA}.Release|Win32.Build.0 = Release|Win32
		{E8A3F6FA-AE1C-4C8E-A0B6-9C8480324EAA}.Release|x64.ActiveCfg = Release|x64
		{E8A3F6FA-AE1C-4C8E-A0B6-9C8480324EAA}.Release|x64.Build.0 = Release|x64
	EndGlobalSection
	GlobalSection(SolutionProperties) = preSolution
		HideSolutionNode = FALSE
	EndGlobalSection
	GlobalSection(ExtensibilityGlobals) = postSolution
		SolutionGuid = {29780E45-1C42-4123-A44E-EC0F5679CD43}
	EndGlobalSection
EndGlobal
