<?xml version="1.0" encoding="utf-8"?>
<Project ToolsVersion="4.0" xmlns="http://schemas.microsoft.com/developer/msbuild/2003">
  <ItemGroup>
    <Filter Include="Source Files">
      <UniqueIdentifier>{4FC737F1-C7A5-4376-A066-2A32D752A2FF}</UniqueIdentifier>
      <Extensions>cpp;c;cc;cxx;def;odl;idl;hpj;bat;asm;asmx</Extensions>
    </Filter>
    <Filter Include="Header Files">
      <UniqueIdentifier>{93995380-89BD-4b04-88EB-625FBE52EBFB}</UniqueIdentifier>
      <Extensions>h;hh;hpp;hxx;hm;inl;inc;ipp;xsd</Extensions>
    </Filter>
    <Filter Include="Resource Files">
      <UniqueIdentifier>{67DA6AB6-F800-4c08-8B7A-83BB121AAD01}</UniqueIdentifier>
      <Extensions>rc;ico;cur;bmp;dlg;rc2;rct;bin;rgs;gif;jpg;jpeg;jpe;resx;tiff;tif;png;wav;mfcribbon-ms</Extensions>
    </Filter>
    <Filter Include="Source Files\Protobuf">
      <UniqueIdentifier>{6d373cd8-9bf0-4ccf-b1c4-0100f56920d4}</UniqueIdentifier>
    </Filter>
  </ItemGroup>
  <ItemGroup>
    <ClInclude Include="ServerImpl.h">
      <Filter>Header Files</Filter>
    </ClInclude>
    <ClInclude Include="NativeThread.h">
      <Filter>Header Files</Filter>
    </ClInclude>
    <ClInclude Include="RevThread.h">
      <Filter>Header Files</Filter>
    </ClInclude>
    <ClInclude Include="AlpcRev.h">
      <Filter>Header Files</Filter>
    </ClInclude>
    <ClInclude Include="PrivateStub.h">
      <Filter>Header Files</Filter>
    </ClInclude>
    <ClInclude Include="SectionProtector.h">
      <Filter>Header Files</Filter>
    </ClInclude>
    <ClInclude Include="Console.h">
      <Filter>Header Files</Filter>
    </ClInclude>
  </ItemGroup>
  <ItemGroup>
    <ClCompile Include="Main.cpp">
      <Filter>Source Files</Filter>
    </ClCompile>
    <ClCompile Include="ServerImpl.cpp">
      <Filter>Source Files</Filter>
    </ClCompile>
    <ClCompile Include="NativeThread.cpp">
      <Filter>Source Files</Filter>
    </ClCompile>
    <ClCompile Include="RevThread.cpp">
      <Filter>Source Files</Filter>
    </ClCompile>
    <ClCompile Include="ExportedClient.cpp">
      <Filter>Source Files</Filter>
    </ClCompile>
    <ClCompile Include="Console.cpp">
      <Filter>Source Files</Filter>
    </ClCompile>
    <ClCompile Include="IncomingMessage.cpp">
      <Filter>Source Files</Filter>
    </ClCompile>
    <ClCompile Include="..\KrkrExtract.Shared\ClientUniversalPatchMakeChecked.pb.cc">
      <Filter>Source Files\Protobuf</Filter>
    </ClCompile>
    <ClCompile Include="..\KrkrExtract.Shared\ClientUniversalDumperModeChecked.pb.cc">
      <Filter>Source Files\Protobuf</Filter>
    </ClCompile>
    <ClCompile Include="..\KrkrExtract.Shared\ClientTaskDumpStart.pb.cc">
      <Filter>Source Files\Protobuf</Filter>
    </ClCompile>
    <ClCompile Include="..\KrkrExtract.Shared\ClientTaskCloseWindow.pb.cc">
      <Filter>Source Files\Protobuf</Filter>
    </ClCompile>
    <ClCompile Include="..\KrkrExtract.Shared\ClientPackerChecked.pb.cc">
      <Filter>Source Files\Protobuf</Filter>
    </ClCompile>
    <ClCompile Include="..\KrkrExtract.Shared\ClientCommandEmitted.pb.cc">
      <Filter>Source Files\Protobuf</Filter>
    </ClCompile>
    <ClCompile Include="..\KrkrExtract.Shared\ClientCancelTask.pb.cc">
      <Filter>Source Files\Protobuf</Filter>
    </ClCompile>
    <ClCompile Include="..\KrkrExtract.Shared\ServerUIReady.pb.cc">
      <Filter>Source Files\Protobuf</Filter>
    </ClCompile>
    <ClCompile Include="..\KrkrExtract.Shared\ServerUIHeartbeatPackage.pb.cc">
      <Filter>Source Files\Protobuf</Filter>
    </ClCompile>
    <ClCompile Include="..\KrkrExtract.Shared\ServerTaskStartAndDisableUI.pb.cc">
      <Filter>Source Files\Protobuf</Filter>
    </ClCompile>
    <ClCompile Include="..\KrkrExtract.Shared\ServerTaskEndAndEnableUI.pb.cc">
      <Filter>Source Files\Protobuf</Filter>
    </ClCompile>
    <ClCompile Include="..\KrkrExtract.Shared\ServerProgressBar.pb.cc">
      <Filter>Source Files\Protobuf</Filter>
    </ClCompile>
    <ClCompile Include="..\KrkrExtract.Shared\ServerMessageBox.pb.cc">
      <Filter>Source Files\Protobuf</Filter>
    </ClCompile>
    <ClCompile Include="..\KrkrExtract.Shared\ServerLogOutput.pb.cc">
      <Filter>Source Files\Protobuf</Filter>
    </ClCompile>
    <ClCompile Include="..\KrkrExtract.Shared\ServerExitFromRemoteProcess.pb.cc">
      <Filter>Source Files\Protobuf</Filter>
    </ClCompile>
    <ClCompile Include="..\KrkrExtract.Shared\ServerCommandResultOutput.pb.cc">
      <Filter>Source Files\Protobuf</Filter>
    </ClCompile>
  </ItemGroup>
</Project>