
Microsoft Visual Studio Solution File, Format Version 12.00
# Visual Studio Version 17
VisualStudioVersion = 17.0.31612.314
MinimumVisualStudioVersion = 10.0.40219.1
Project("{8BC9CEB8-8B4A-11D0-8D11-00A0C91BC942}") = "KrkrExtract.Core", "KrkrExtract.Core\KrkrExtract.Core.vcxproj", "{E9360CFF-5BB0-406C-9273-BBC6AF644E89}"
	ProjectSection(ProjectDependencies) = postProject
		{5B01D900-2359-44CA-9914-6B0C6AFB7BE7} = {5B01D900-2359-44CA-9914-6B0C6AFB7BE7}
		{DAA25F59-2B60-422E-9AF6-BE56CF70DA99} = {DAA25F59-2B60-422E-9AF6-BE56CF70DA99}
		{70F4D261-0235-4052-B1CF-5BE29660A43E} = {70F4D261-0235-4052-B1CF-5BE29660A43E}
		{FCBB7F73-AF48-42CA-86FE-9967DEB45423} = {FCBB7F73-AF48-42CA-86FE-9967DEB45423}
		{B0493974-0D01-4557-A98A-AD16D0C60651} = {B0493974-0D01-4557-A98A-AD16D0C60651}
		{D6973076-9317-4EF2-A0B8-B7A18AC0713E} = {D6973076-9317-4EF2-A0B8-B7A18AC0713E}
		{D80D09D0-A583-4774-9A20-B3C0A4C9E677} = {D80D09D0-A583-4774-9A20-B3C0A4C9E677}
	EndProjectSection
EndProject
Project("{8BC9CEB8-8B4A-11D0-8D11-00A0C91BC942}") = "KrkrzUniversalPatch", "KrkrzUniversalPatch\KrkrzUniversalPatch.vcxproj", "{B0493974-0D01-4557-A98A-AD16D0C60651}"
	ProjectSection(ProjectDependencies) = postProject
		{DAA25F59-2B60-422E-9AF6-BE56CF70DA99} = {DAA25F59-2B60-422E-9AF6-BE56CF70DA99}
	EndProjectSection
EndProject
Project("{8BC9CEB8-8B4A-11D0-8D11-00A0C91BC942}") = "NativeLib", "NativeLib\NativeLib.vcxproj", "{DAA25F59-2B60-422E-9AF6-BE56CF70DA99}"
EndProject
Project("{8BC9CEB8-8B4A-11D0-8D11-00A0C91BC942}") = "capstone_static", "capstone_static\capstone_static.vcxproj", "{5B01D900-2359-44CA-9914-6B0C6AFB7BE7}"
EndProject
Project("{8BC9CEB8-8B4A-11D0-8D11-00A0C91BC942}") = "zlib", "zlib\zlib.vcxproj", "{70F4D261-0235-4052-B1CF-5BE29660A43E}"
EndProject
Project("{8BC9CEB8-8B4A-11D0-8D11-00A0C91BC942}") = "jsoncpp_static", "jsoncpp_static\jsoncpp_static.vcxproj", "{FCBB7F73-AF48-42CA-86FE-9967DEB45423}"
EndProject
Project("{8BC9CEB8-8B4A-11D0-8D11-00A0C91BC942}") = "Protobuf.Lite", "Protobuf.Lite\Protobuf.Lite.vcxproj", "{D80D09D0-A583-4774-9A20-B3C0A4C9E677}"
EndProject
Project("{8BC9CEB8-8B4A-11D0-8D11-00A0C91BC942}") = "libpng", "libpng\libpng.vcxproj", "{D6973076-9317-4EF2-A0B8-B7A18AC0713E}"
EndProject
Project("{FAE04EC0-301F-11D3-BF4B-00C04F79EFBC}") = "KrkrExtract.Lite", "KrkrExtract.Lite\KrkrExtract.Lite.csproj", "{049B04AF-3DF1-49CE-B968-2F5D8279273C}"
EndProject
Project("{8BC9CEB8-8B4A-11D0-8D11-00A0C91BC942}") = "KrkrExtract.UI.Lite", "KrkrExtract.UI.Lite\KrkrExtract.UI.Lite.vcxproj", "{E736EA18-AF20-4E43-9C6A-0218A915A6A9}"
	ProjectSection(ProjectDependencies) = postProject
		{DAA25F59-2B60-422E-9AF6-BE56CF70DA99} = {DAA25F59-2B60-422E-9AF6-BE56CF70DA99}
	EndProjectSection
EndProject
Project("{FAE04EC0-301F-11D3-BF4B-00C04F79EFBC}") = "KrkrExtract.StaticAnalysis", "KrkrExtract.StaticAnalysis\KrkrExtract.StaticAnalysis.csproj", "{449EE211-AE15-4937-A926-5E192D337335}"
EndProject
Project("{8BC9CEB8-8B4A-11D0-8D11-00A0C91BC942}") = "baseclasses", "krkrz\external\baseclasses\baseclasses.vcxproj", "{E8A3F6FA-AE1C-4C8E-A0B6-9C8480324EAA}"
EndProject
Project("{8BC9CEB8-8B4A-11D0-8D11-00A0C91BC942}") = "freetype", "krkrz\external\freetype\builds\windows\vc2012\freetype.vcxproj", "{78B079BD-9FC7-4B9E-B4A6-96DA0F00248B}"
EndProject
Project("{8BC9CEB8-8B4A-11D0-8D11-00A0C91BC942}") = "turbojpeg-static", "krkrz\external\libjpeg-turbo\vcproj\turbojpeg-static.vcxproj", "{01EE84B8-057A-3435-8FE2-AB4A2FB93841}"
EndProject
Project("{8BC9CEB8-8B4A-11D0-8D11-00A0C91BC942}") = "onig", "krkrz\external\onig\onig.vcxproj", "{6030C310-D5E7-39A0-A65F-6344447A66CC}"
EndProject
Project("{8BC9CEB8-8B4A-11D0-8D11-00A0C91BC942}") = "tvpwin32", "krkrz\vcproj\tvpwin32.vcxproj", "{0DA37E3E-48F9-4853-AB2A-76D79042203C}"
	ProjectSection(ProjectDependencies) = postProject
		{6030C310-D5E7-39A0-A65F-6344447A66CC} = {6030C310-D5E7-39A0-A65F-6344447A66CC}
		{78B079BD-9FC7-4B9E-B4A6-96DA0F00248B} = {78B079BD-9FC7-4B9E-B4A6-96DA0F00248B}
		{E8A3F6FA-AE1C-4C8E-A0B6-9C8480324EAA} = {E8A3F6FA-AE1C-4C8E-A0B6-9C8480324EAA}
	EndProjectSection
EndProject
Global
	GlobalSection(SolutionConfigurationPlatforms) = preSolution
		Debug|Any CPU = Debug|Any CPU
		Debug|KrkrUniversalPlatform = Debug|KrkrUniversalPlatform
		Release|Any CPU = Release|Any CPU
		Release|KrkrUniversalPlatform = Release|KrkrUniversalPlatform
	EndGlobalSection
	GlobalSection(ProjectConfigurationPlatforms) = postSolution
		{E9360CFF-5BB0-406C-9273-BBC6AF644E89}.Debug|Any CPU.ActiveCfg = Release|Win32
		{E9360CFF-5BB0-406C-9273-BBC6AF644E89}.Debug|Any CPU.Build.0 = Release|Win32
		{E9360CFF-5BB0-406C-9273-BBC6AF644E89}.Debug|KrkrUniversalPlatform.ActiveCfg = Release|Win32
		{E9360CFF-5BB0-406C-9273-BBC6AF644E89}.Debug|KrkrUniversalPlatform.Build.0 = Release|Win32
		{E9360CFF-5BB0-406C-9273-BBC6AF644E89}.Release|Any CPU.ActiveCfg = Release|Win32
		{E9360CFF-5BB0-406C-9273-BBC6AF644E89}.Release|KrkrUniversalPlatform.ActiveCfg = Release|Win32
		{E9360CFF-5BB0-406C-9273-BBC6AF644E89}.Release|KrkrUniversalPlatform.Build.0 = Release|Win32
		{B0493974-0D01-4557-A98A-AD16D0C60651}.Debug|Any CPU.ActiveCfg = Release|Win32
		{B0493974-0D01-4557-A98A-AD16D0C60651}.Debug|Any CPU.Build.0 = Release|Win32
		{B0493974-0D01-4557-A98A-AD16D0C60651}.Debug|KrkrUniversalPlatform.ActiveCfg = Release|Win32
		{B0493974-0D01-4557-A98A-AD16D0C60651}.Debug|KrkrUniversalPlatform.Build.0 = Release|Win32
		{B0493974-0D01-4557-A98A-AD16D0C60651}.Release|Any CPU.ActiveCfg = Release|Win32
		{B0493974-0D01-4557-A98A-AD16D0C60651}.Release|KrkrUniversalPlatform.ActiveCfg = Release|Win32
		{B0493974-0D01-4557-A98A-AD16D0C60651}.Release|KrkrUniversalPlatform.Build.0 = Release|Win32
		{DAA25F59-2B60-422E-9AF6-BE56CF70DA99}.Debug|Any CPU.ActiveCfg = Release|Win32
		{DAA25F59-2B60-422E-9AF6-BE56CF70DA99}.Debug|Any CPU.Build.0 = Release|Win32
		{DAA25F59-2B60-422E-9AF6-BE56CF70DA99}.Debug|KrkrUniversalPlatform.ActiveCfg = Release|Win32
		{DAA25F59-2B60-422E-9AF6-BE56CF70DA99}.Debug|KrkrUniversalPlatform.Build.0 = Release|Win32
		{DAA25F59-2B60-422E-9AF6-BE56CF70DA99}.Release|Any CPU.ActiveCfg = Release|Win32
		{DAA25F59-2B60-422E-9AF6-BE56CF70DA99}.Release|KrkrUniversalPlatform.ActiveCfg = Release|Win32
		{DAA25F59-2B60-422E-9AF6-BE56CF70DA99}.Release|KrkrUniversalPlatform.Build.0 = Release|Win32
		{5B01D900-2359-44CA-9914-6B0C6AFB7BE7}.Debug|Any CPU.ActiveCfg = Release|Win32
		{5B01D900-2359-44CA-9914-6B0C6AFB7BE7}.Debug|Any CPU.Build.0 = Release|Win32
		{5B01D900-2359-44CA-9914-6B0C6AFB7BE7}.Debug|KrkrUniversalPlatform.ActiveCfg = Release|Win32
		{5B01D900-2359-44CA-9914-6B0C6AFB7BE7}.Debug|KrkrUniversalPlatform.Build.0 = Release|Win32
		{5B01D900-2359-44CA-9914-6B0C6AFB7BE7}.Release|Any CPU.ActiveCfg = Release|Win32
		{5B01D900-2359-44CA-9914-6B0C6AFB7BE7}.Release|KrkrUniversalPlatform.ActiveCfg = Release|Win32
		{5B01D900-2359-44CA-9914-6B0C6AFB7BE7}.Release|KrkrUniversalPlatform.Build.0 = Release|Win32
		{70F4D261-0235-4052-B1CF-5BE29660A43E}.Debug|Any CPU.ActiveCfg = Release|Win32
		{70F4D261-0235-4052-B1CF-5BE29660A43E}.Debug|Any CPU.Build.0 = Release|Win32
		{70F4D261-0235-4052-B1CF-5BE29660A43E}.Debug|KrkrUniversalPlatform.ActiveCfg = Release|Win32
		{70F4D261-0235-4052-B1CF-5BE29660A43E}.Debug|KrkrUniversalPlatform.Build.0 = Release|Win32
		{70F4D261-0235-4052-B1CF-5BE29660A43E}.Release|Any CPU.ActiveCfg = Release|Win32
		{70F4D261-0235-4052-B1CF-5BE29660A43E}.Release|KrkrUniversalPlatform.ActiveCfg = Release|Win32
		{70F4D261-0235-4052-B1CF-5BE29660A43E}.Release|KrkrUniversalPlatform.Build.0 = Release|Win32
		{FCBB7F73-AF48-42CA-86FE-9967DEB45423}.Debug|Any CPU.ActiveCfg = Release|Win32
		{FCBB7F73-AF48-42CA-86FE-9967DEB45423}.Debug|Any CPU.Build.0 = Release|Win32
		{FCBB7F73-AF48-42CA-86FE-9967DEB45423}.Debug|KrkrUniversalPlatform.ActiveCfg = Release|Win32
		{FCBB7F73-AF48-42CA-86FE-9967DEB45423}.Debug|KrkrUniversalPlatform.Build.0 = Release|Win32
		{FCBB7F73-AF48-42CA-86FE-9967DEB45423}.Release|Any CPU.ActiveCfg = Release|Win32
		{FCBB7F73-AF48-42CA-86FE-9967DEB45423}.Release|KrkrUniversalPlatform.ActiveCfg = Release|Win32
		{FCBB7F73-AF48-42CA-86FE-9967DEB45423}.Release|KrkrUniversalPlatform.Build.0 = Release|Win32
		{D80D09D0-A583-4774-9A20-B3C0A4C9E677}.Debug|Any CPU.ActiveCfg = Release|Win32
		{D80D09D0-A583-4774-9A20-B3C0A4C9E677}.Debug|Any CPU.Build.0 = Release|Win32
		{D80D09D0-A583-4774-9A20-B3C0A4C9E677}.Debug|KrkrUniversalPlatform.ActiveCfg = Release|Win32
		{D80D09D0-A583-4774-9A20-B3C0A4C9E677}.Debug|KrkrUniversalPlatform.Build.0 = Release|Win32
		{D80D09D0-A583-4774-9A20-B3C0A4C9E677}.Release|Any CPU.ActiveCfg = Release|Win32
		{D80D09D0-A583-4774-9A20-B3C0A4C9E677}.Release|KrkrUniversalPlatform.ActiveCfg = Release|Win32
		{D80D09D0-A583-4774-9A20-B3C0A4C9E677}.Release|KrkrUniversalPlatform.Build.0 = Release|Win32
		{D6973076-9317-4EF2-A0B8-B7A18AC0713E}.Debug|Any CPU.ActiveCfg = Release|Win32
		{D6973076-9317-4EF2-A0B8-B7A18AC0713E}.Debug|Any CPU.Build.0 = Release|Win32
		{D6973076-9317-4EF2-A0B8-B7A18AC0713E}.Debug|KrkrUniversalPlatform.ActiveCfg = Release|Win32
		{D6973076-9317-4EF2-A0B8-B7A18AC0713E}.Debug|KrkrUniversalPlatform.Build.0 = Release|Win32
		{D6973076-9317-4EF2-A0B8-B7A18AC0713E}.Release|Any CPU.ActiveCfg = Release|Win32
		{D6973076-9317-4EF2-A0B8-B7A18AC0713E}.Release|KrkrUniversalPlatform.ActiveCfg = Release|Win32
		{D6973076-9317-4EF2-A0B8-B7A18AC0713E}.Release|KrkrUniversalPlatform.Build.0 = Release|Win32
		{049B04AF-3DF1-49CE-B968-2F5D8279273C}.Debug|Any CPU.ActiveCfg = Release|Any CPU
		{049B04AF-3DF1-49CE-B968-2F5D8279273C}.Debug|Any CPU.Build.0 = Release|Any CPU
		{049B04AF-3DF1-49CE-B968-2F5D8279273C}.Debug|KrkrUniversalPlatform.ActiveCfg = Release|Any CPU
		{049B04AF-3DF1-49CE-B968-2F5D8279273C}.Debug|KrkrUniversalPlatform.Build.0 = Release|Any CPU
		{049B04AF-3DF1-49CE-B968-2F5D8279273C}.Release|Any CPU.ActiveCfg = Release|Any CPU
		{049B04AF-3DF1-49CE-B968-2F5D8279273C}.Release|Any CPU.Build.0 = Release|Any CPU
		{049B04AF-3DF1-49CE-B968-2F5D8279273C}.Release|KrkrUniversalPlatform.ActiveCfg = Release|Any CPU
		{049B04AF-3DF1-49CE-B968-2F5D8279273C}.Release|KrkrUniversalPlatform.Build.0 = Release|Any CPU
		{E736EA18-AF20-4E43-9C6A-0218A915A6A9}.Debug|Any CPU.ActiveCfg = Release|Win32
		{E736EA18-AF20-4E43-9C6A-0218A915A6A9}.Debug|Any CPU.Build.0 = Release|Win32
		{E736EA18-AF20-4E43-9C6A-0218A915A6A9}.Debug|KrkrUniversalPlatform.ActiveCfg = Release|Win32
		{E736EA18-AF20-4E43-9C6A-0218A915A6A9}.Debug|KrkrUniversalPlatform.Build.0 = Release|Win32
		{E736EA18-AF20-4E43-9C6A-0218A915A6A9}.Release|Any CPU.ActiveCfg = Release|Win32
		{E736EA18-AF20-4E43-9C6A-0218A915A6A9}.Release|KrkrUniversalPlatform.ActiveCfg = Release|Win32
		{E736EA18-AF20-4E43-9C6A-0218A915A6A9}.Release|KrkrUniversalPlatform.Build.0 = Release|Win32
		{449EE211-AE15-4937-A926-5E192D337335}.Debug|Any CPU.ActiveCfg = Debug|Any CPU
		{449EE211-AE15-4937-A926-5E192D337335}.Debug|Any CPU.Build.0 = Debug|Any CPU
		{449EE211-AE15-4937-A926-5E192D337335}.Debug|KrkrUniversalPlatform.ActiveCfg = Debug|Any CPU
		{449EE211-AE15-4937-A926-5E192D337335}.Debug|KrkrUniversalPlatform.Build.0 = Debug|Any CPU
		{449EE211-AE15-4937-A926-5E192D337335}.Release|Any CPU.ActiveCfg = Release|Any CPU
		{449EE211-AE15-4937-A926-5E192D337335}.Release|Any CPU.Build.0 = Release|Any CPU
		{449EE211-AE15-4937-A926-5E192D337335}.Release|KrkrUniversalPlatform.ActiveCfg = Release|Any CPU
		{449EE211-AE15-4937-A926-5E192D337335}.Release|KrkrUniversalPlatform.Build.0 = Release|Any CPU
		{E8A3F6FA-AE1C-4C8E-A0B6-9C8480324EAA}.Debug|Any CPU.ActiveCfg = Release|x64
		{E8A3F6FA-AE1C-4C8E-A0B6-9C8480324EAA}.Debug|Any CPU.Build.0 = Release|x64
		{E8A3F6FA-AE1C-4C8E-A0B6-9C8480324EAA}.Debug|KrkrUniversalPlatform.ActiveCfg = Release|x64
		{E8A3F6FA-AE1C-4C8E-A0B6-9C8480324EAA}.Debug|KrkrUniversalPlatform.Build.0 = Release|x64
		{E8A3F6FA-AE1C-4C8E-A0B6-9C8480324EAA}.Release|Any CPU.ActiveCfg = Release|x64
		{E8A3F6FA-AE1C-4C8E-A0B6-9C8480324EAA}.Release|KrkrUniversalPlatform.ActiveCfg = Release|x64
		{78B079BD-9FC7-4B9E-B4A6-96DA0F00248B}.Debug|Any CPU.ActiveCfg = Release|x64
		{78B079BD-9FC7-4B9E-B4A6-96DA0F00248B}.Debug|Any CPU.Build.0 = Release|x64
		{78B079BD-9FC7-4B9E-B4A6-96DA0F00248B}.Debug|KrkrUniversalPlatform.ActiveCfg = Release|x64
		{78B079BD-9FC7-4B9E-B4A6-96DA0F00248B}.Debug|KrkrUniversalPlatform.Build.0 = Release|x64
		{78B079BD-9FC7-4B9E-B4A6-96DA0F00248B}.Release|Any CPU.ActiveCfg = Release|x64
		{78B079BD-9FC7-4B9E-B4A6-96DA0F00248B}.Release|KrkrUniversalPlatform.ActiveCfg = Release|x64
		{01EE84B8-057A-3435-8FE2-AB4A2FB93841}.Debug|Any CPU.ActiveCfg = Release|x64
		{01EE84B8-057A-3435-8FE2-AB4A2FB93841}.Debug|Any CPU.Build.0 = Release|x64
		{01EE84B8-057A-3435-8FE2-AB4A2FB93841}.Debug|KrkrUniversalPlatform.ActiveCfg = Release|x64
		{01EE84B8-057A-3435-8FE2-AB4A2FB93841}.Debug|KrkrUniversalPlatform.Build.0 = Release|x64
		{01EE84B8-057A-3435-8FE2-AB4A2FB93841}.Release|Any CPU.ActiveCfg = Release|x64
		{01EE84B8-057A-3435-8FE2-AB4A2FB93841}.Release|KrkrUniversalPlatform.ActiveCfg = Release|x64
		{6030C310-D5E7-39A0-A65F-6344447A66CC}.Debug|Any CPU.ActiveCfg = Release|x64
		{6030C310-D5E7-39A0-A65F-6344447A66CC}.Debug|Any CPU.Build.0 = Release|x64
		{6030C310-D5E7-39A0-A65F-6344447A66CC}.Debug|KrkrUniversalPlatform.ActiveCfg = Release|x64
		{6030C310-D5E7-39A0-A65F-6344447A66CC}.Debug|KrkrUniversalPlatform.Build.0 = Release|x64
		{6030C310-D5E7-39A0-A65F-6344447A66CC}.Release|Any CPU.ActiveCfg = Release|x64
		{6030C310-D5E7-39A0-A65F-6344447A66CC}.Release|KrkrUniversalPlatform.ActiveCfg = Release|x64
		{0DA37E3E-48F9-4853-AB2A-76D79042203C}.Debug|Any CPU.ActiveCfg = Release|x64
		{0DA37E3E-48F9-4853-AB2A-76D79042203C}.Debug|Any CPU.Build.0 = Release|x64
		{0DA37E3E-48F9-4853-AB2A-76D79042203C}.Debug|KrkrUniversalPlatform.ActiveCfg = Release|x64
		{0DA37E3E-48F9-4853-AB2A-76D79042203C}.Debug|KrkrUniversalPlatform.Build.0 = Release|x64
		{0DA37E3E-48F9-4853-AB2A-76D79042203C}.Release|Any CPU.ActiveCfg = Release|x64
		{0DA37E3E-48F9-4853-AB2A-76D79042203C}.Release|KrkrUniversalPlatform.ActiveCfg = Release|x64
	EndGlobalSection
	GlobalSection(SolutionProperties) = preSolution
		HideSolutionNode = FALSE
	EndGlobalSection
	GlobalSection(ExtensibilityGlobals) = postSolution
		SolutionGuid = {8B7AFF91-7531-4F71-BAB2-C6F6A7F16AB4}
	EndGlobalSection
EndGlobal
