
Microsoft Visual Studio Solution File, Format Version 12.00
# Visual Studio 15
VisualStudioVersion = 15.0.28307.421
MinimumVisualStudioVersion = 10.0.40219.1
Project("{8BC9CEB8-8B4A-11D0-8D11-00A0C91BC942}") = "KrkrExtractDll", "KrkrExtractDll\KrkrExtractDll.vcxproj", "{E9360CFF-5BB0-406C-9273-BBC6AF644E89}"
	ProjectSection(ProjectDependencies) = postProject
		{B0493974-0D01-4557-A98A-AD16D0C60651} = {B0493974-0D01-4557-A98A-AD16D0C60651}
	EndProjectSection
EndProject
Project("{8BC9CEB8-8B4A-11D0-8D11-00A0C91BC942}") = "KrkrExtractExe", "KrkrExtractExe\KrkrExtractExe.vcxproj", "{79E5C2BD-8DEC-4292-B9FA-BE080F0D56E1}"
	ProjectSection(ProjectDependencies) = postProject
		{DAA25F59-2B60-422E-9AF6-BE56CF70DA99} = {DAA25F59-2B60-422E-9AF6-BE56CF70DA99}
	EndProjectSection
EndProject
Project("{8BC9CEB8-8B4A-11D0-8D11-00A0C91BC942}") = "KrkrzUniversalPatch", "KrkrzUniversalPatch\KrkrzUniversalPatch.vcxproj", "{B0493974-0D01-4557-A98A-AD16D0C60651}"
	ProjectSection(ProjectDependencies) = postProject
		{DAA25F59-2B60-422E-9AF6-BE56CF70DA99} = {DAA25F59-2B60-422E-9AF6-BE56CF70DA99}
	EndProjectSection
EndProject
Project("{8BC9CEB8-8B4A-11D0-8D11-00A0C91BC942}") = "KrkrFile", "KrkrFile\KrkrFile.vcxproj", "{656AF14C-E697-49B8-885C-3395A6727342}"
EndProject
Project("{8BC9CEB8-8B4A-11D0-8D11-00A0C91BC942}") = "PatchLoader", "PatchLoader\PatchLoader.vcxproj", "{874DAFBC-E177-449E-9BC4-550987A5569A}"
	ProjectSection(ProjectDependencies) = postProject
		{DAA25F59-2B60-422E-9AF6-BE56CF70DA99} = {DAA25F59-2B60-422E-9AF6-BE56CF70DA99}
	EndProjectSection
EndProject
Project("{8BC9CEB8-8B4A-11D0-8D11-00A0C91BC942}") = "KrkrFilePacker", "KrkrFilePacker\KrkrFilePacker.vcxproj", "{991DAFA9-6382-460D-9737-1B2DE0E01DA2}"
EndProject
Project("{8BC9CEB8-8B4A-11D0-8D11-00A0C91BC942}") = "NativeLib", "NativeLib\NativeLib.vcxproj", "{DAA25F59-2B60-422E-9AF6-BE56CF70DA99}"
EndProject
Global
	GlobalSection(SolutionConfigurationPlatforms) = preSolution
		Debug|Mixed Platforms = Debug|Mixed Platforms
		Debug|Win32 = Debug|Win32
		Debug|x64 = Debug|x64
		Release|Mixed Platforms = Release|Mixed Platforms
		Release|Win32 = Release|Win32
		Release|x64 = Release|x64
	EndGlobalSection
	GlobalSection(ProjectConfigurationPlatforms) = postSolution
		{E9360CFF-5BB0-406C-9273-BBC6AF644E89}.Debug|Mixed Platforms.ActiveCfg = Debug|Win32
		{E9360CFF-5BB0-406C-9273-BBC6AF644E89}.Debug|Mixed Platforms.Build.0 = Debug|Win32
		{E9360CFF-5BB0-406C-9273-BBC6AF644E89}.Debug|Win32.ActiveCfg = Debug|Win32
		{E9360CFF-5BB0-406C-9273-BBC6AF644E89}.Debug|Win32.Build.0 = Debug|Win32
		{E9360CFF-5BB0-406C-9273-BBC6AF644E89}.Debug|x64.ActiveCfg = Debug|Win32
		{E9360CFF-5BB0-406C-9273-BBC6AF644E89}.Release|Mixed Platforms.ActiveCfg = Release|Win32
		{E9360CFF-5BB0-406C-9273-BBC6AF644E89}.Release|Mixed Platforms.Build.0 = Release|Win32
		{E9360CFF-5BB0-406C-9273-BBC6AF644E89}.Release|Win32.ActiveCfg = Release|Win32
		{E9360CFF-5BB0-406C-9273-BBC6AF644E89}.Release|Win32.Build.0 = Release|Win32
		{E9360CFF-5BB0-406C-9273-BBC6AF644E89}.Release|x64.ActiveCfg = Release|Win32
		{79E5C2BD-8DEC-4292-B9FA-BE080F0D56E1}.Debug|Mixed Platforms.ActiveCfg = Debug|Win32
		{79E5C2BD-8DEC-4292-B9FA-BE080F0D56E1}.Debug|Mixed Platforms.Build.0 = Debug|Win32
		{79E5C2BD-8DEC-4292-B9FA-BE080F0D56E1}.Debug|Win32.ActiveCfg = Debug|Win32
		{79E5C2BD-8DEC-4292-B9FA-BE080F0D56E1}.Debug|Win32.Build.0 = Debug|Win32
		{79E5C2BD-8DEC-4292-B9FA-BE080F0D56E1}.Debug|x64.ActiveCfg = Debug|Win32
		{79E5C2BD-8DEC-4292-B9FA-BE080F0D56E1}.Release|Mixed Platforms.ActiveCfg = Release|Win32
		{79E5C2BD-8DEC-4292-B9FA-BE080F0D56E1}.Release|Mixed Platforms.Build.0 = Release|Win32
		{79E5C2BD-8DEC-4292-B9FA-BE080F0D56E1}.Release|Win32.ActiveCfg = Release|Win32
		{79E5C2BD-8DEC-4292-B9FA-BE080F0D56E1}.Release|Win32.Build.0 = Release|Win32
		{79E5C2BD-8DEC-4292-B9FA-BE080F0D56E1}.Release|x64.ActiveCfg = Release|Win32
		{B0493974-0D01-4557-A98A-AD16D0C60651}.Debug|Mixed Platforms.ActiveCfg = Debug|Win32
		{B0493974-0D01-4557-A98A-AD16D0C60651}.Debug|Mixed Platforms.Build.0 = Debug|Win32
		{B0493974-0D01-4557-A98A-AD16D0C60651}.Debug|Win32.ActiveCfg = Debug|Win32
		{B0493974-0D01-4557-A98A-AD16D0C60651}.Debug|Win32.Build.0 = Debug|Win32
		{B0493974-0D01-4557-A98A-AD16D0C60651}.Debug|x64.ActiveCfg = Debug|Win32
		{B0493974-0D01-4557-A98A-AD16D0C60651}.Release|Mixed Platforms.ActiveCfg = Release|Win32
		{B0493974-0D01-4557-A98A-AD16D0C60651}.Release|Mixed Platforms.Build.0 = Release|Win32
		{B0493974-0D01-4557-A98A-AD16D0C60651}.Release|Win32.ActiveCfg = Release|Win32
		{B0493974-0D01-4557-A98A-AD16D0C60651}.Release|Win32.Build.0 = Release|Win32
		{B0493974-0D01-4557-A98A-AD16D0C60651}.Release|x64.ActiveCfg = Release|Win32
		{656AF14C-E697-49B8-885C-3395A6727342}.Debug|Mixed Platforms.ActiveCfg = Debug|Win32
		{656AF14C-E697-49B8-885C-3395A6727342}.Debug|Mixed Platforms.Build.0 = Debug|Win32
		{656AF14C-E697-49B8-885C-3395A6727342}.Debug|Win32.ActiveCfg = Debug|Win32
		{656AF14C-E697-49B8-885C-3395A6727342}.Debug|Win32.Build.0 = Debug|Win32
		{656AF14C-E697-49B8-885C-3395A6727342}.Debug|x64.ActiveCfg = Debug|Win32
		{656AF14C-E697-49B8-885C-3395A6727342}.Release|Mixed Platforms.ActiveCfg = Release|Win32
		{656AF14C-E697-49B8-885C-3395A6727342}.Release|Mixed Platforms.Build.0 = Release|Win32
		{656AF14C-E697-49B8-885C-3395A6727342}.Release|Win32.ActiveCfg = Release|Win32
		{656AF14C-E697-49B8-885C-3395A6727342}.Release|Win32.Build.0 = Release|Win32
		{656AF14C-E697-49B8-885C-3395A6727342}.Release|x64.ActiveCfg = Release|Win32
		{874DAFBC-E177-449E-9BC4-550987A5569A}.Debug|Mixed Platforms.ActiveCfg = Debug|Win32
		{874DAFBC-E177-449E-9BC4-550987A5569A}.Debug|Mixed Platforms.Build.0 = Debug|Win32
		{874DAFBC-E177-449E-9BC4-550987A5569A}.Debug|Win32.ActiveCfg = Debug|Win32
		{874DAFBC-E177-449E-9BC4-550987A5569A}.Debug|Win32.Build.0 = Debug|Win32
		{874DAFBC-E177-449E-9BC4-550987A5569A}.Debug|x64.ActiveCfg = Debug|Win32
		{874DAFBC-E177-449E-9BC4-550987A5569A}.Release|Mixed Platforms.ActiveCfg = Release|Win32
		{874DAFBC-E177-449E-9BC4-550987A5569A}.Release|Mixed Platforms.Build.0 = Release|Win32
		{874DAFBC-E177-449E-9BC4-550987A5569A}.Release|Win32.ActiveCfg = Release|Win32
		{874DAFBC-E177-449E-9BC4-550987A5569A}.Release|Win32.Build.0 = Release|Win32
		{874DAFBC-E177-449E-9BC4-550987A5569A}.Release|x64.ActiveCfg = Release|Win32
		{991DAFA9-6382-460D-9737-1B2DE0E01DA2}.Debug|Mixed Platforms.ActiveCfg = Debug|Win32
		{991DAFA9-6382-460D-9737-1B2DE0E01DA2}.Debug|Mixed Platforms.Build.0 = Debug|Win32
		{991DAFA9-6382-460D-9737-1B2DE0E01DA2}.Debug|Win32.ActiveCfg = Debug|Win32
		{991DAFA9-6382-460D-9737-1B2DE0E01DA2}.Debug|Win32.Build.0 = Debug|Win32
		{991DAFA9-6382-460D-9737-1B2DE0E01DA2}.Debug|x64.ActiveCfg = Debug|Win32
		{991DAFA9-6382-460D-9737-1B2DE0E01DA2}.Release|Mixed Platforms.ActiveCfg = Release|Win32
		{991DAFA9-6382-460D-9737-1B2DE0E01DA2}.Release|Mixed Platforms.Build.0 = Release|Win32
		{991DAFA9-6382-460D-9737-1B2DE0E01DA2}.Release|Win32.ActiveCfg = Release|Win32
		{991DAFA9-6382-460D-9737-1B2DE0E01DA2}.Release|Win32.Build.0 = Release|Win32
		{991DAFA9-6382-460D-9737-1B2DE0E01DA2}.Release|x64.ActiveCfg = Release|Win32
		{DAA25F59-2B60-422E-9AF6-BE56CF70DA99}.Debug|Mixed Platforms.ActiveCfg = Debug|Win32
		{DAA25F59-2B60-422E-9AF6-BE56CF70DA99}.Debug|Mixed Platforms.Build.0 = Debug|Win32
		{DAA25F59-2B60-422E-9AF6-BE56CF70DA99}.Debug|Win32.ActiveCfg = Debug|Win32
		{DAA25F59-2B60-422E-9AF6-BE56CF70DA99}.Debug|Win32.Build.0 = Debug|Win32
		{DAA25F59-2B60-422E-9AF6-BE56CF70DA99}.Debug|x64.ActiveCfg = Debug|x64
		{DAA25F59-2B60-422E-9AF6-BE56CF70DA99}.Debug|x64.Build.0 = Debug|x64
		{DAA25F59-2B60-422E-9AF6-BE56CF70DA99}.Release|Mixed Platforms.ActiveCfg = Release|Win32
		{DAA25F59-2B60-422E-9AF6-BE56CF70DA99}.Release|Mixed Platforms.Build.0 = Release|Win32
		{DAA25F59-2B60-422E-9AF6-BE56CF70DA99}.Release|Win32.ActiveCfg = Release|Win32
		{DAA25F59-2B60-422E-9AF6-BE56CF70DA99}.Release|Win32.Build.0 = Release|Win32
		{DAA25F59-2B60-422E-9AF6-BE56CF70DA99}.Release|x64.ActiveCfg = Release|x64
		{DAA25F59-2B60-422E-9AF6-BE56CF70DA99}.Release|x64.Build.0 = Release|x64
	EndGlobalSection
	GlobalSection(SolutionProperties) = preSolution
		HideSolutionNode = FALSE
	EndGlobalSection
	GlobalSection(ExtensibilityGlobals) = postSolution
		SolutionGuid = {8B7AFF91-7531-4F71-BAB2-C6F6A7F16AB4}
	EndGlobalSection
EndGlobal
