<?xml version="1.0" encoding="utf-8"?>
<Project ToolsVersion="4.0" xmlns="http://schemas.microsoft.com/developer/msbuild/2003">
  <ItemGroup>
    <Filter Include="源文件">
      <UniqueIdentifier>{4FC737F1-C7A5-4376-A066-2A32D752A2FF}</UniqueIdentifier>
      <Extensions>cpp;c;cc;cxx;def;odl;idl;hpj;bat;asm;asmx</Extensions>
    </Filter>
    <Filter Include="头文件">
      <UniqueIdentifier>{93995380-89BD-4b04-88EB-625FBE52EBFB}</UniqueIdentifier>
      <Extensions>h;hh;hpp;hxx;hm;inl;inc;xsd</Extensions>
    </Filter>
    <Filter Include="资源文件">
      <UniqueIdentifier>{67DA6AB6-F800-4c08-8B7A-83BB121AAD01}</UniqueIdentifier>
      <Extensions>rc;ico;cur;bmp;dlg;rc2;rct;bin;rgs;gif;jpg;jpeg;jpe;resx;tiff;tif;png;wav;mfcribbon-ms</Extensions>
    </Filter>
    <Filter Include="头文件\ImageDumper">
      <UniqueIdentifier>{fa7d8925-f11c-481f-9377-e93283a3985e}</UniqueIdentifier>
    </Filter>
    <Filter Include="头文件\Lib">
      <UniqueIdentifier>{dccaf4ea-c556-488f-93ff-1b8b0c8ec915}</UniqueIdentifier>
    </Filter>
    <Filter Include="源文件\Lib">
      <UniqueIdentifier>{d7cb0532-bb71-48d4-a99d-2fd32fea13ce}</UniqueIdentifier>
    </Filter>
    <Filter Include="源文件\ImageDumper">
      <UniqueIdentifier>{911f104e-4bde-49f2-89cd-ec30494620d7}</UniqueIdentifier>
    </Filter>
    <Filter Include="头文件\KrkrExtend">
      <UniqueIdentifier>{1729e313-45c8-43e6-b4ce-3be76eddd38e}</UniqueIdentifier>
    </Filter>
    <Filter Include="源文件\KrkrExtend">
      <UniqueIdentifier>{a9de3a82-d1e1-47e0-bc19-a3485566100b}</UniqueIdentifier>
    </Filter>
    <Filter Include="头文件\SDK">
      <UniqueIdentifier>{6cc74f54-5ae4-4a1b-ad00-d8bbea3cbe6b}</UniqueIdentifier>
    </Filter>
    <Filter Include="源文件\Core">
      <UniqueIdentifier>{7228215f-18eb-4e38-81c7-f0d09f44dc15}</UniqueIdentifier>
    </Filter>
    <Filter Include="头文件\Core">
      <UniqueIdentifier>{c7a07306-797c-405f-a069-a58a07fb1c5d}</UniqueIdentifier>
    </Filter>
    <Filter Include="源文件\SDK">
      <UniqueIdentifier>{e865394c-47c8-4383-9d3d-e3cae2b0e4ed}</UniqueIdentifier>
    </Filter>
    <Filter Include="tjs2">
      <UniqueIdentifier>{915d3b71-9d66-4ddb-8b2a-0fa6ee8de0b8}</UniqueIdentifier>
    </Filter>
    <Filter Include="头文件\Debugger">
      <UniqueIdentifier>{facce64b-3d48-4e0d-afa3-4526c49edb7c}</UniqueIdentifier>
    </Filter>
    <Filter Include="源文件\M2">
      <UniqueIdentifier>{509a3013-8ed2-4d2b-b355-86f887fc334f}</UniqueIdentifier>
    </Filter>
    <Filter Include="头文件\M2">
      <UniqueIdentifier>{0aa60f82-88ea-480d-bfd1-bf248841b8fa}</UniqueIdentifier>
    </Filter>
  </ItemGroup>
  <ItemGroup>
    <ClCompile Include="lz4frame.cpp">
      <Filter>源文件\Lib</Filter>
    </ClCompile>
    <ClCompile Include="ImageWorkerNcb.cpp">
      <Filter>源文件\ImageDumper</Filter>
    </ClCompile>
    <ClCompile Include="SavePNG.cpp">
      <Filter>源文件\ImageDumper</Filter>
    </ClCompile>
    <ClCompile Include="savetlg5.cpp">
      <Filter>源文件\ImageDumper</Filter>
    </ClCompile>
    <ClCompile Include="utils.cpp">
      <Filter>源文件\ImageDumper</Filter>
    </ClCompile>
    <ClCompile Include="Slide.cpp">
      <Filter>源文件\ImageDumper</Filter>
    </ClCompile>
    <ClCompile Include="KrkrTextDecode.cpp">
      <Filter>源文件\KrkrExtend</Filter>
    </ClCompile>
    <ClCompile Include="PsbWorker.cpp">
      <Filter>源文件\KrkrExtend</Filter>
    </ClCompile>
    <ClCompile Include="PNGWorker.cpp">
      <Filter>源文件\Lib</Filter>
    </ClCompile>
    <ClCompile Include="TLGDecoder.cpp">
      <Filter>源文件\KrkrExtend</Filter>
    </ClCompile>
    <ClCompile Include="FakePNG.cpp">
      <Filter>源文件\Core</Filter>
    </ClCompile>
    <ClCompile Include="KrkrPacker.cpp">
      <Filter>源文件\Core</Filter>
    </ClCompile>
    <ClCompile Include="KrkrDumper.cpp">
      <Filter>源文件\Core</Filter>
    </ClCompile>
    <ClCompile Include="XP3Parser.cpp">
      <Filter>源文件\Core</Filter>
    </ClCompile>
    <ClCompile Include="tp_stub.cpp">
      <Filter>源文件\SDK</Filter>
    </ClCompile>
    <ClCompile Include="mt19937-64.cpp">
      <Filter>源文件\Lib</Filter>
    </ClCompile>
    <ClCompile Include="lz4.cpp">
      <Filter>源文件\Lib</Filter>
    </ClCompile>
    <ClCompile Include="lz4hc.cpp">
      <Filter>源文件\Lib</Filter>
    </ClCompile>
    <ClCompile Include="adler32.cpp">
      <Filter>源文件\Lib</Filter>
    </ClCompile>
    <ClCompile Include="compress.cpp">
      <Filter>源文件\Lib</Filter>
    </ClCompile>
    <ClCompile Include="crc32.cpp">
      <Filter>源文件\Lib</Filter>
    </ClCompile>
    <ClCompile Include="deflate.cpp">
      <Filter>源文件\Lib</Filter>
    </ClCompile>
    <ClCompile Include="zutil.cpp">
      <Filter>源文件\Lib</Filter>
    </ClCompile>
    <ClCompile Include="tree.cpp">
      <Filter>源文件\Lib</Filter>
    </ClCompile>
    <ClCompile Include="uncompr.cpp">
      <Filter>源文件\Lib</Filter>
    </ClCompile>
    <ClCompile Include="inflate.cpp">
      <Filter>源文件\Lib</Filter>
    </ClCompile>
    <ClCompile Include="inffast.cpp">
      <Filter>源文件\Lib</Filter>
    </ClCompile>
    <ClCompile Include="inftrees.cpp">
      <Filter>源文件\Lib</Filter>
    </ClCompile>
    <ClCompile Include="xxhash.cpp">
      <Filter>源文件\Lib</Filter>
    </ClCompile>
    <ClCompile Include="KrkrUniversalPatch.cpp">
      <Filter>源文件\Core</Filter>
    </ClCompile>
    <ClCompile Include="PEFile.cpp">
      <Filter>源文件\Lib</Filter>
    </ClCompile>
    <ClCompile Include="Main.cpp">
      <Filter>源文件\Core</Filter>
    </ClCompile>
    <ClCompile Include="KrkrExtract.cpp">
      <Filter>源文件\Core</Filter>
    </ClCompile>
    <ClCompile Include="PsbFile.cpp">
      <Filter>源文件\Core</Filter>
    </ClCompile>
    <ClCompile Include="PsbDecompilerJson.cpp">
      <Filter>源文件\Core</Filter>
    </ClCompile>
    <ClCompile Include="tjs2\tjs.cpp">
      <Filter>tjs2</Filter>
    </ClCompile>
    <ClCompile Include="tjs2\tjs.tab.cpp">
      <Filter>tjs2</Filter>
    </ClCompile>
    <ClCompile Include="tjs2\tjsArray.cpp">
      <Filter>tjs2</Filter>
    </ClCompile>
    <ClCompile Include="tjs2\tjsBinarySerializer.cpp">
      <Filter>tjs2</Filter>
    </ClCompile>
    <ClCompile Include="tjs2\tjsByteCodeLoader.cpp">
      <Filter>tjs2</Filter>
    </ClCompile>
    <ClCompile Include="tjs2\tjsCompileControl.cpp">
      <Filter>tjs2</Filter>
    </ClCompile>
    <ClCompile Include="tjs2\tjsConfig.cpp">
      <Filter>tjs2</Filter>
    </ClCompile>
    <ClCompile Include="tjs2\tjsConstArrayData.cpp">
      <Filter>tjs2</Filter>
    </ClCompile>
    <ClCompile Include="tjs2\tjsDate.cpp">
      <Filter>tjs2</Filter>
    </ClCompile>
    <ClCompile Include="tjs2\tjsdate.tab.cpp">
      <Filter>tjs2</Filter>
    </ClCompile>
    <ClCompile Include="tjs2\tjsDateParser.cpp">
      <Filter>tjs2</Filter>
    </ClCompile>
    <ClCompile Include="tjs2\tjsDebug.cpp">
      <Filter>tjs2</Filter>
    </ClCompile>
    <ClCompile Include="tjs2\tjsDictionary.cpp">
      <Filter>tjs2</Filter>
    </ClCompile>
    <ClCompile Include="tjs2\tjsDisassemble.cpp">
      <Filter>tjs2</Filter>
    </ClCompile>
    <ClCompile Include="tjs2\tjsError.cpp">
      <Filter>tjs2</Filter>
    </ClCompile>
    <ClCompile Include="tjs2\tjsException.cpp">
      <Filter>tjs2</Filter>
    </ClCompile>
    <ClCompile Include="tjs2\tjsGlobalStringMap.cpp">
      <Filter>tjs2</Filter>
    </ClCompile>
    <ClCompile Include="tjs2\tjsInterCodeExec.cpp">
      <Filter>tjs2</Filter>
    </ClCompile>
    <ClCompile Include="tjs2\tjsInterCodeGen.cpp">
      <Filter>tjs2</Filter>
    </ClCompile>
    <ClCompile Include="tjs2\tjsInterface.cpp">
      <Filter>tjs2</Filter>
    </ClCompile>
    <ClCompile Include="tjs2\tjsLex.cpp">
      <Filter>tjs2</Filter>
    </ClCompile>
    <ClCompile Include="tjs2\tjsMath.cpp">
      <Filter>tjs2</Filter>
    </ClCompile>
    <ClCompile Include="tjs2\tjsMessage.cpp">
      <Filter>tjs2</Filter>
    </ClCompile>
    <ClCompile Include="tjs2\tjsMT19937ar-cok.cpp">
      <Filter>tjs2</Filter>
    </ClCompile>
    <ClCompile Include="tjs2\tjsNamespace.cpp">
      <Filter>tjs2</Filter>
    </ClCompile>
    <ClCompile Include="tjs2\tjsNative.cpp">
      <Filter>tjs2</Filter>
    </ClCompile>
    <ClCompile Include="tjs2\tjsObject.cpp">
      <Filter>tjs2</Filter>
    </ClCompile>
    <ClCompile Include="tjs2\tjsObjectExtendable.cpp">
      <Filter>tjs2</Filter>
    </ClCompile>
    <ClCompile Include="tjs2\tjsOctPack.cpp">
      <Filter>tjs2</Filter>
    </ClCompile>
    <ClCompile Include="tjs2\tjspp.tab.cpp">
      <Filter>tjs2</Filter>
    </ClCompile>
    <ClCompile Include="tjs2\tjsRandomGenerator.cpp">
      <Filter>tjs2</Filter>
    </ClCompile>
    <ClCompile Include="tjs2\tjsRegExp.cpp">
      <Filter>tjs2</Filter>
    </ClCompile>
    <ClCompile Include="tjs2\tjsScriptBlock.cpp">
      <Filter>tjs2</Filter>
    </ClCompile>
    <ClCompile Include="tjs2\tjsScriptCache.cpp">
      <Filter>tjs2</Filter>
    </ClCompile>
    <ClCompile Include="tjs2\tjsString.cpp">
      <Filter>tjs2</Filter>
    </ClCompile>
    <ClCompile Include="tjs2\tjsUtils.cpp">
      <Filter>tjs2</Filter>
    </ClCompile>
    <ClCompile Include="tjs2\tjsVariant.cpp">
      <Filter>tjs2</Filter>
    </ClCompile>
    <ClCompile Include="tjs2\tjsVariantString.cpp">
      <Filter>tjs2</Filter>
    </ClCompile>
    <ClCompile Include="Tjs2Disasm.cpp">
      <Filter>源文件\Core</Filter>
    </ClCompile>
    <ClCompile Include="AmvExtractor.cpp">
      <Filter>源文件\KrkrExtend</Filter>
    </ClCompile>
    <ClCompile Include="crc64.cpp">
      <Filter>源文件\Lib</Filter>
    </ClCompile>
    <ClCompile Include="HandleTable.cpp">
      <Filter>源文件\Lib</Filter>
    </ClCompile>
    <ClCompile Include="KrkrUniversalDumper.cpp">
      <Filter>源文件\Core</Filter>
    </ClCompile>
    <ClCompile Include="sha1.cpp">
      <Filter>源文件\Lib</Filter>
    </ClCompile>
    <ClCompile Include="md5.cpp">
      <Filter>源文件\Lib</Filter>
    </ClCompile>
    <ClCompile Include="RiddleJoker_Decode.cpp">
      <Filter>源文件\M2</Filter>
    </ClCompile>
  </ItemGroup>
  <ItemGroup>
    <ClInclude Include="resource.h">
      <Filter>头文件</Filter>
    </ClInclude>
    <ClInclude Include="ncbind.h">
      <Filter>头文件\ImageDumper</Filter>
    </ClInclude>
    <ClInclude Include="ncb_invoke.h">
      <Filter>头文件\ImageDumper</Filter>
    </ClInclude>
    <ClInclude Include="ncb_foreach.h">
      <Filter>头文件\ImageDumper</Filter>
    </ClInclude>
    <ClInclude Include="SaveExCompress.h">
      <Filter>头文件\ImageDumper</Filter>
    </ClInclude>
    <ClInclude Include="SavePNG.h">
      <Filter>头文件\ImageDumper</Filter>
    </ClInclude>
    <ClInclude Include="savetlg5.h">
      <Filter>头文件\ImageDumper</Filter>
    </ClInclude>
    <ClInclude Include="lz4.h">
      <Filter>头文件\Lib</Filter>
    </ClInclude>
    <ClInclude Include="lz4frame_static.h">
      <Filter>头文件\Lib</Filter>
    </ClInclude>
    <ClInclude Include="lz4frame.h">
      <Filter>头文件\Lib</Filter>
    </ClInclude>
    <ClInclude Include="lz4hc.h">
      <Filter>头文件\Lib</Filter>
    </ClInclude>
    <ClInclude Include="xxhash.h">
      <Filter>头文件\Lib</Filter>
    </ClInclude>
    <ClInclude Include="zconf.h">
      <Filter>头文件\Lib</Filter>
    </ClInclude>
    <ClInclude Include="zlib.h">
      <Filter>头文件\Lib</Filter>
    </ClInclude>
    <ClInclude Include="KrkrExtend.h">
      <Filter>头文件\KrkrExtend</Filter>
    </ClInclude>
    <ClInclude Include="Slide.h">
      <Filter>头文件\ImageDumper</Filter>
    </ClInclude>
    <ClInclude Include="ImageWokerNcb.h">
      <Filter>头文件\ImageDumper</Filter>
    </ClInclude>
    <ClInclude Include="PNGWorker.h">
      <Filter>头文件\Lib</Filter>
    </ClInclude>
    <ClInclude Include="TLGDecoder.h">
      <Filter>头文件\KrkrExtend</Filter>
    </ClInclude>
    <ClInclude Include="utils.h">
      <Filter>头文件\ImageDumper</Filter>
    </ClInclude>
    <ClInclude Include="tp_stub.h">
      <Filter>头文件\SDK</Filter>
    </ClInclude>
    <ClInclude Include="KrkrHeaders.h">
      <Filter>头文件\Core</Filter>
    </ClInclude>
    <ClInclude Include="FakePNG.h">
      <Filter>头文件\Core</Filter>
    </ClInclude>
    <ClInclude Include="KrkrPacker.h">
      <Filter>头文件\Core</Filter>
    </ClInclude>
    <ClInclude Include="KrkrDumper.h">
      <Filter>头文件\Core</Filter>
    </ClInclude>
    <ClInclude Include="XP3Parser.h">
      <Filter>头文件\Core</Filter>
    </ClInclude>
    <ClInclude Include="Worker.h">
      <Filter>头文件\Core</Filter>
    </ClInclude>
    <ClInclude Include="Adler32Stream.h">
      <Filter>头文件\Core</Filter>
    </ClInclude>
    <ClInclude Include="mt64.h">
      <Filter>头文件\Lib</Filter>
    </ClInclude>
    <ClInclude Include="zutil.h">
      <Filter>头文件\Lib</Filter>
    </ClInclude>
    <ClInclude Include="deflate.h">
      <Filter>头文件\Lib</Filter>
    </ClInclude>
    <ClInclude Include="gzguts.h">
      <Filter>头文件\Lib</Filter>
    </ClInclude>
    <ClInclude Include="inflate.h">
      <Filter>头文件\Core</Filter>
    </ClInclude>
    <ClInclude Include="inftrees.h">
      <Filter>头文件\Lib</Filter>
    </ClInclude>
    <ClInclude Include="inffast.h">
      <Filter>头文件\Lib</Filter>
    </ClInclude>
    <ClInclude Include="KrkrExtract.h">
      <Filter>头文件\Core</Filter>
    </ClInclude>
    <ClInclude Include="MyLib.h">
      <Filter>头文件\Core</Filter>
    </ClInclude>
    <ClInclude Include="ml.h">
      <Filter>头文件\Core</Filter>
    </ClInclude>
    <ClInclude Include="KrkrUniversalPatch.h">
      <Filter>头文件\Core</Filter>
    </ClInclude>
    <ClInclude Include="PEFile.h">
      <Filter>头文件\Lib</Filter>
    </ClInclude>
    <ClInclude Include="PsbFile.h">
      <Filter>头文件\Core</Filter>
    </ClInclude>
    <ClInclude Include="tjs2\tjs.h">
      <Filter>tjs2</Filter>
    </ClInclude>
    <ClInclude Include="tjs2\tjs.tab.hpp">
      <Filter>tjs2</Filter>
    </ClInclude>
    <ClInclude Include="tjs2\tjsArray.h">
      <Filter>tjs2</Filter>
    </ClInclude>
    <ClInclude Include="tjs2\tjsBinarySerializer.h">
      <Filter>tjs2</Filter>
    </ClInclude>
    <ClInclude Include="tjs2\tjsByteCodeLoader.h">
      <Filter>tjs2</Filter>
    </ClInclude>
    <ClInclude Include="tjs2\tjsCommHead.h">
      <Filter>tjs2</Filter>
    </ClInclude>
    <ClInclude Include="tjs2\tjsCompileControl.h">
      <Filter>tjs2</Filter>
    </ClInclude>
    <ClInclude Include="tjs2\tjsConfig.h">
      <Filter>tjs2</Filter>
    </ClInclude>
    <ClInclude Include="tjs2\tjsConstArrayData.h">
      <Filter>tjs2</Filter>
    </ClInclude>
    <ClInclude Include="tjs2\tjsDate.h">
      <Filter>tjs2</Filter>
    </ClInclude>
    <ClInclude Include="tjs2\tjsdate.tab.hpp">
      <Filter>tjs2</Filter>
    </ClInclude>
    <ClInclude Include="tjs2\tjsDateParser.h">
      <Filter>tjs2</Filter>
    </ClInclude>
    <ClInclude Include="tjs2\tjsDebug.h">
      <Filter>tjs2</Filter>
    </ClInclude>
    <ClInclude Include="tjs2\tjsDictionary.h">
      <Filter>tjs2</Filter>
    </ClInclude>
    <ClInclude Include="tjs2\tjsError.h">
      <Filter>tjs2</Filter>
    </ClInclude>
    <ClInclude Include="tjs2\tjsErrorDefs.h">
      <Filter>tjs2</Filter>
    </ClInclude>
    <ClInclude Include="tjs2\tjsErrorInc.h">
      <Filter>tjs2</Filter>
    </ClInclude>
    <ClInclude Include="tjs2\tjsException.h">
      <Filter>tjs2</Filter>
    </ClInclude>
    <ClInclude Include="tjs2\tjsGlobalStringMap.h">
      <Filter>tjs2</Filter>
    </ClInclude>
    <ClInclude Include="tjs2\tjsHashSearch.h">
      <Filter>tjs2</Filter>
    </ClInclude>
    <ClInclude Include="tjs2\tjsInterCodeExec.h">
      <Filter>tjs2</Filter>
    </ClInclude>
    <ClInclude Include="tjs2\tjsInterCodeGen.h">
      <Filter>tjs2</Filter>
    </ClInclude>
    <ClInclude Include="tjs2\tjsInterface.h">
      <Filter>tjs2</Filter>
    </ClInclude>
    <ClInclude Include="tjs2\tjsLex.h">
      <Filter>tjs2</Filter>
    </ClInclude>
    <ClInclude Include="tjs2\tjsMath.h">
      <Filter>tjs2</Filter>
    </ClInclude>
    <ClInclude Include="tjs2\tjsMessage.h">
      <Filter>tjs2</Filter>
    </ClInclude>
    <ClInclude Include="tjs2\tjsMT19937ar-cok.h">
      <Filter>tjs2</Filter>
    </ClInclude>
    <ClInclude Include="tjs2\tjsNamespace.h">
      <Filter>tjs2</Filter>
    </ClInclude>
    <ClInclude Include="tjs2\tjsNative.h">
      <Filter>tjs2</Filter>
    </ClInclude>
    <ClInclude Include="tjs2\tjsObject.h">
      <Filter>tjs2</Filter>
    </ClInclude>
    <ClInclude Include="tjs2\tjsObjectExtendable.h">
      <Filter>tjs2</Filter>
    </ClInclude>
    <ClInclude Include="tjs2\tjsOctPack.h">
      <Filter>tjs2</Filter>
    </ClInclude>
    <ClInclude Include="tjs2\tjspp.tab.hpp">
      <Filter>tjs2</Filter>
    </ClInclude>
    <ClInclude Include="tjs2\tjsRandomGenerator.h">
      <Filter>tjs2</Filter>
    </ClInclude>
    <ClInclude Include="tjs2\tjsRegExp.h">
      <Filter>tjs2</Filter>
    </ClInclude>
    <ClInclude Include="tjs2\tjsScriptBlock.h">
      <Filter>tjs2</Filter>
    </ClInclude>
    <ClInclude Include="tjs2\tjsScriptCache.h">
      <Filter>tjs2</Filter>
    </ClInclude>
    <ClInclude Include="tjs2\tjsString.h">
      <Filter>tjs2</Filter>
    </ClInclude>
    <ClInclude Include="tjs2\tjsTypes.h">
      <Filter>tjs2</Filter>
    </ClInclude>
    <ClInclude Include="tjs2\tjsUtils.h">
      <Filter>tjs2</Filter>
    </ClInclude>
    <ClInclude Include="tjs2\tjsVariant.h">
      <Filter>tjs2</Filter>
    </ClInclude>
    <ClInclude Include="tjs2\tjsVariantString.h">
      <Filter>tjs2</Filter>
    </ClInclude>
    <ClInclude Include="Tjs2Disasm.h">
      <Filter>头文件\Core</Filter>
    </ClInclude>
    <ClInclude Include="MultiThread.h">
      <Filter>头文件\Core</Filter>
    </ClInclude>
    <ClInclude Include="HandleTable.h">
      <Filter>头文件\Lib</Filter>
    </ClInclude>
    <ClInclude Include="SectionProtector.h">
      <Filter>头文件\Lib</Filter>
    </ClInclude>
    <ClInclude Include="KrkrUniversalDumper.h">
      <Filter>头文件\Core</Filter>
    </ClInclude>
    <ClInclude Include="MapMarshal.h">
      <Filter>头文件\Debugger</Filter>
    </ClInclude>
    <ClInclude Include="sha1.h">
      <Filter>头文件\Lib</Filter>
    </ClInclude>
    <ClInclude Include="md5.h">
      <Filter>头文件\Lib</Filter>
    </ClInclude>
    <ClInclude Include="GenMD5Code.h">
      <Filter>头文件\Lib</Filter>
    </ClInclude>
    <ClInclude Include="DebuggerHandler.h">
      <Filter>头文件\Debugger</Filter>
    </ClInclude>
    <ClInclude Include="ExtraDecoder.h">
      <Filter>头文件\M2</Filter>
    </ClInclude>
  </ItemGroup>
  <ItemGroup>
    <ResourceCompile Include="KrkrExtractDll.rc">
      <Filter>资源文件</Filter>
    </ResourceCompile>
  </ItemGroup>
  <ItemGroup>
    <None Include="PatchLoader.exe" />
    <None Include="KrkrUniversalPatch.dll" />
  </ItemGroup>
  <ItemGroup>
    <Manifest Include="win.manifest" />
  </ItemGroup>
</Project>