<?xml version="1.0" encoding="utf-8"?>
<Project ToolsVersion="4.0" xmlns="http://schemas.microsoft.com/developer/msbuild/2003">
  <ItemGroup>
    <Filter Include="ソース ファイル">
      <UniqueIdentifier>{4FC737F1-C7A5-4376-A066-2A32D752A2FF}</UniqueIdentifier>
      <Extensions>cpp;c;cc;cxx;def;odl;idl;hpj;bat;asm;asmx</Extensions>
    </Filter>
    <Filter Include="ヘッダー ファイル">
      <UniqueIdentifier>{93995380-89BD-4b04-88EB-625FBE52EBFB}</UniqueIdentifier>
      <Extensions>h;hpp;hxx;hm;inl;inc;xsd</Extensions>
    </Filter>
    <Filter Include="リソース ファイル">
      <UniqueIdentifier>{67DA6AB6-F800-4c08-8B7A-83BB121AAD01}</UniqueIdentifier>
      <Extensions>rc;ico;cur;bmp;dlg;rc2;rct;bin;rgs;gif;jpg;jpeg;jpe;resx;tiff;tif;png;wav;mfcribbon-ms</Extensions>
    </Filter>
  </ItemGroup>
  <ItemGroup>
    <ClCompile Include="regcomp.c">
      <Filter>ソース ファイル</Filter>
    </ClCompile>
    <ClCompile Include="regenc.c">
      <Filter>ソース ファイル</Filter>
    </ClCompile>
    <ClCompile Include="regerror.c">
      <Filter>ソース ファイル</Filter>
    </ClCompile>
    <ClCompile Include="regexec.c">
      <Filter>ソース ファイル</Filter>
    </ClCompile>
    <ClCompile Include="regext.c">
      <Filter>ソース ファイル</Filter>
    </ClCompile>
    <ClCompile Include="reggnu.c">
      <Filter>ソース ファイル</Filter>
    </ClCompile>
    <ClCompile Include="regparse.c">
      <Filter>ソース ファイル</Filter>
    </ClCompile>
    <ClCompile Include="regposerr.c">
      <Filter>ソース ファイル</Filter>
    </ClCompile>
    <ClCompile Include="regposix.c">
      <Filter>ソース ファイル</Filter>
    </ClCompile>
    <ClCompile Include="regsyntax.c">
      <Filter>ソース ファイル</Filter>
    </ClCompile>
    <ClCompile Include="regtrav.c">
      <Filter>ソース ファイル</Filter>
    </ClCompile>
    <ClCompile Include="regversion.c">
      <Filter>ソース ファイル</Filter>
    </ClCompile>
    <ClCompile Include="st.c">
      <Filter>ソース ファイル</Filter>
    </ClCompile>
    <ClCompile Include="enc\ascii.c">
      <Filter>ソース ファイル</Filter>
    </ClCompile>
    <ClCompile Include="enc\big5.c">
      <Filter>ソース ファイル</Filter>
    </ClCompile>
    <ClCompile Include="enc\cp1251.c">
      <Filter>ソース ファイル</Filter>
    </ClCompile>
    <ClCompile Include="enc\euc_jp.c">
      <Filter>ソース ファイル</Filter>
    </ClCompile>
    <ClCompile Include="enc\euc_kr.c">
      <Filter>ソース ファイル</Filter>
    </ClCompile>
    <ClCompile Include="enc\euc_tw.c">
      <Filter>ソース ファイル</Filter>
    </ClCompile>
    <ClCompile Include="enc\gb18030.c">
      <Filter>ソース ファイル</Filter>
    </ClCompile>
    <ClCompile Include="enc\iso8859_1.c">
      <Filter>ソース ファイル</Filter>
    </ClCompile>
    <ClCompile Include="enc\iso8859_2.c">
      <Filter>ソース ファイル</Filter>
    </ClCompile>
    <ClCompile Include="enc\iso8859_3.c">
      <Filter>ソース ファイル</Filter>
    </ClCompile>
    <ClCompile Include="enc\iso8859_4.c">
      <Filter>ソース ファイル</Filter>
    </ClCompile>
    <ClCompile Include="enc\iso8859_5.c">
      <Filter>ソース ファイル</Filter>
    </ClCompile>
    <ClCompile Include="enc\iso8859_6.c">
      <Filter>ソース ファイル</Filter>
    </ClCompile>
    <ClCompile Include="enc\iso8859_7.c">
      <Filter>ソース ファイル</Filter>
    </ClCompile>
    <ClCompile Include="enc\iso8859_8.c">
      <Filter>ソース ファイル</Filter>
    </ClCompile>
    <ClCompile Include="enc\iso8859_9.c">
      <Filter>ソース ファイル</Filter>
    </ClCompile>
    <ClCompile Include="enc\iso8859_10.c">
      <Filter>ソース ファイル</Filter>
    </ClCompile>
    <ClCompile Include="enc\iso8859_11.c">
      <Filter>ソース ファイル</Filter>
    </ClCompile>
    <ClCompile Include="enc\iso8859_13.c">
      <Filter>ソース ファイル</Filter>
    </ClCompile>
    <ClCompile Include="enc\iso8859_14.c">
      <Filter>ソース ファイル</Filter>
    </ClCompile>
    <ClCompile Include="enc\iso8859_15.c">
      <Filter>ソース ファイル</Filter>
    </ClCompile>
    <ClCompile Include="enc\iso8859_16.c">
      <Filter>ソース ファイル</Filter>
    </ClCompile>
    <ClCompile Include="enc\koi8.c">
      <Filter>ソース ファイル</Filter>
    </ClCompile>
    <ClCompile Include="enc\koi8_r.c">
      <Filter>ソース ファイル</Filter>
    </ClCompile>
    <ClCompile Include="enc\sjis.c">
      <Filter>ソース ファイル</Filter>
    </ClCompile>
    <ClCompile Include="enc\unicode.c">
      <Filter>ソース ファイル</Filter>
    </ClCompile>
    <ClCompile Include="enc\utf8.c">
      <Filter>ソース ファイル</Filter>
    </ClCompile>
    <ClCompile Include="enc\utf16_be.c">
      <Filter>ソース ファイル</Filter>
    </ClCompile>
    <ClCompile Include="enc\utf16_le.c">
      <Filter>ソース ファイル</Filter>
    </ClCompile>
    <ClCompile Include="enc\utf32_be.c">
      <Filter>ソース ファイル</Filter>
    </ClCompile>
    <ClCompile Include="enc\utf32_le.c">
      <Filter>ソース ファイル</Filter>
    </ClCompile>
  </ItemGroup>
</Project>